PODS:
  - HydraAsync (1.2.1)
  - MastodonKit (1.0.10)
  - Result (3.0.0)

DEPENDENCIES:
  - HydraAsync
  - MastodonKit (~> 1.0)
  - Result (~> 3.0.0)

SPEC CHECKSUMS:
  HydraAsync: 8f2ab62d57e140b4ca587ae0f66e1eb04e8e6965
  MastodonKit: 573c2b32491108599aef4d99addb0e13a154cd6a
  Result: 1b3e431f37cbcd3ad89c6aa9ab0ae55515fae3b6

PODFILE CHECKSUM: 90edd9e141c6f84315ac26ee9a80c4db5905063d

COCOAPODS: 1.3.1
