PODS:
  - Alamofire (4.7.1)
  - Deque (3.1.0)
  - Fuzi (2.0.1)
  - HydraAsync (1.2.1)
  - KeychainAccess (3.1.0)
  - Kingfisher (4.6.4)
  - MastodonKit (1.1.1)
  - Moya (10.0.2):
    - Moya/Core (= 10.0.2)
  - Moya/Core (10.0.2):
    - Alamofire (~> 4.1)
    - Result (~> 3.0)
  - Realm (3.3.1):
    - Realm/Headers (= 3.3.1)
  - Realm/Headers (3.3.1)
  - RealmSwift (3.3.1):
    - Realm (= 3.3.1)
  - Result (3.0.0)

DEPENDENCIES:
  - Deque (~> 3.1)
  - Fuzi (~> 2.0.0)
  - HydraAsync
  - KeychainAccess
  - Kingfisher (~> 4.0)
  - MastodonKit (from `https://github.com/wtm4080/MastodonKit.git`, branch `develop-knzk`)
  - Moya (~> 10.0)
  - RealmSwift
  - Result (~> 3.0.0)

EXTERNAL SOURCES:
  MastodonKit:
    :branch: develop-knzk
    :git: https://github.com/wtm4080/MastodonKit.git

CHECKOUT OPTIONS:
  MastodonKit:
    :commit: 704629160206202eee2717b9e951bd7bbf44db9f
    :git: https://github.com/wtm4080/MastodonKit.git

SPEC CHECKSUMS:
  Alamofire: 68d7d521118d49c615a8d2214d87cdf525599d30
  Deque: b3acddc26fa0940e20def752ede39290422c6906
  Fuzi: f64983dea705491d3aedd32351247a09523e7efd
  HydraAsync: 8f2ab62d57e140b4ca587ae0f66e1eb04e8e6965
  KeychainAccess: 94c5540b32eabf7bc32bfb976a268e8ea05fd6da
  Kingfisher: 68498a706e46c2a050b0c9572f100e5db407f6e0
  MastodonKit: d2bfd6dcc117df3dd7ffa7939903edc254107390
  Moya: 2b0531a9fef318e0bc484030c3db1e6f279ccb66
  Realm: 63ebf4903b446b0bdf2131244eb1e1549925c724
  RealmSwift: f28fe8507bdfb8f1c924962401b83e7b9d7abb5c
  Result: 1b3e431f37cbcd3ad89c6aa9ab0ae55515fae3b6

PODFILE CHECKSUM: 289bd2f5ca92425a5d0ce1dde0c8b08238ba921a

COCOAPODS: 1.4.0
