// !$*UTF8*$!
{
	archiveVersion = 1;
	classes = {
	};
	objectVersion = 48;
	objects = {

/* Begin PBXBuildFile section */
		1A5696ED1FB4A84C00BC82DC /* MastodonKit.framework in Frameworks */ = {isa = PBXBuildFile; fileRef = 1A5696EB1FB4A82A00BC82DC /* MastodonKit.framework */; };
		1AA89DB320198210008EC484 /* AccountDetailVC.swift in Sources */ = {isa = PBXBuildFile; fileRef = 1AA89DA720198210008EC484 /* AccountDetailVC.swift */; };
		1AA89DB420198210008EC484 /* LoginVC.swift in Sources */ = {isa = PBXBuildFile; fileRef = 1AA89DA820198210008EC484 /* LoginVC.swift */; };
		1AA89DB520198210008EC484 /* StatusDetailVC.swift in Sources */ = {isa = PBXBuildFile; fileRef = 1AA89DA920198210008EC484 /* StatusDetailVC.swift */; };
		1AA89DB620198210008EC484 /* TimelineVC.swift in Sources */ = {isa = PBXBuildFile; fileRef = 1AA89DAA20198210008EC484 /* TimelineVC.swift */; };
		1AA89DB720198210008EC484 /* ProfileVC.swift in Sources */ = {isa = PBXBuildFile; fileRef = 1AA89DAB20198210008EC484 /* ProfileVC.swift */; };
		1AA89DB820198210008EC484 /* TootVC.swift in Sources */ = {isa = PBXBuildFile; fileRef = 1AA89DAC20198210008EC484 /* TootVC.swift */; };
		1AA89DB920198210008EC484 /* NotificationVC.swift in Sources */ = {isa = PBXBuildFile; fileRef = 1AA89DAD20198210008EC484 /* NotificationVC.swift */; };
		1AA89DBA20198210008EC484 /* InitialVC.swift in Sources */ = {isa = PBXBuildFile; fileRef = 1AA89DAE20198210008EC484 /* InitialVC.swift */; };
		1AA89DBB20198210008EC484 /* TimelineNavigation.swift in Sources */ = {isa = PBXBuildFile; fileRef = 1AA89DAF20198210008EC484 /* TimelineNavigation.swift */; };
		1AA89DBC20198210008EC484 /* AccountDetailVC.xib in Resources */ = {isa = PBXBuildFile; fileRef = 1AA89DB020198210008EC484 /* AccountDetailVC.xib */; };
		1AA89DBD20198210008EC484 /* MainVC.swift in Sources */ = {isa = PBXBuildFile; fileRef = 1AA89DB120198210008EC484 /* MainVC.swift */; };
		1AA89DBE20198210008EC484 /* MenuVC.swift in Sources */ = {isa = PBXBuildFile; fileRef = 1AA89DB220198210008EC484 /* MenuVC.swift */; };
		1AA89DC720198322008EC484 /* StatusContentContainerView.swift in Sources */ = {isa = PBXBuildFile; fileRef = 1AA89DC120198321008EC484 /* StatusContentContainerView.swift */; };
		1AA89DC820198322008EC484 /* TimelineSwitch.xib in Resources */ = {isa = PBXBuildFile; fileRef = 1AA89DC220198321008EC484 /* TimelineSwitch.xib */; };
		1AA89DC920198322008EC484 /* MediaView.swift in Sources */ = {isa = PBXBuildFile; fileRef = 1AA89DC320198322008EC484 /* MediaView.swift */; };
		1AA89DCA20198322008EC484 /* StatusCell.swift in Sources */ = {isa = PBXBuildFile; fileRef = 1AA89DC420198322008EC484 /* StatusCell.swift */; };
		1AA89DCB20198322008EC484 /* StatusCell.xib in Resources */ = {isa = PBXBuildFile; fileRef = 1AA89DC520198322008EC484 /* StatusCell.xib */; };
		1AA89DCC20198322008EC484 /* TimelineSwitch.swift in Sources */ = {isa = PBXBuildFile; fileRef = 1AA89DC620198322008EC484 /* TimelineSwitch.swift */; };
		1AA89DD22019832B008EC484 /* BBCodeView.swift in Sources */ = {isa = PBXBuildFile; fileRef = 1AA89DCD2019832B008EC484 /* BBCodeView.swift */; };
		1AA89DD32019832B008EC484 /* BBCodeLayer.swift in Sources */ = {isa = PBXBuildFile; fileRef = 1AA89DCE2019832B008EC484 /* BBCodeLayer.swift */; };
		1AA89DD42019832B008EC484 /* BBCodeCustomAttrs.swift in Sources */ = {isa = PBXBuildFile; fileRef = 1AA89DCF2019832B008EC484 /* BBCodeCustomAttrs.swift */; };
		1AA89DD52019832B008EC484 /* BBCodeLayoutManager.swift in Sources */ = {isa = PBXBuildFile; fileRef = 1AA89DD02019832B008EC484 /* BBCodeLayoutManager.swift */; };
		1AA89DD62019832B008EC484 /* BBCodeCustomValue.swift in Sources */ = {isa = PBXBuildFile; fileRef = 1AA89DD12019832B008EC484 /* BBCodeCustomValue.swift */; };
		1AA89DD820198337008EC484 /* StatusDetailVC.xib in Resources */ = {isa = PBXBuildFile; fileRef = 1AA89DD720198337008EC484 /* StatusDetailVC.xib */; };
		1AA89DDE201983BF008EC484 /* DataSource.swift in Sources */ = {isa = PBXBuildFile; fileRef = 1AA89DDA201983BF008EC484 /* DataSource.swift */; };
		1AA89DE0201983BF008EC484 /* ClientManager.swift in Sources */ = {isa = PBXBuildFile; fileRef = 1AA89DDC201983BF008EC484 /* ClientManager.swift */; };
		1AA89DE1201983BF008EC484 /* DataSourceTimeline.swift in Sources */ = {isa = PBXBuildFile; fileRef = 1AA89DDD201983BF008EC484 /* DataSourceTimeline.swift */; };
		1AA89DE72019843B008EC484 /* CSSColorParser.swift in Sources */ = {isa = PBXBuildFile; fileRef = 1AA89DE42019843A008EC484 /* CSSColorParser.swift */; };
		1AA89DE82019843B008EC484 /* HTMLStyleParser.swift in Sources */ = {isa = PBXBuildFile; fileRef = 1AA89DE52019843A008EC484 /* HTMLStyleParser.swift */; };
		1AA89DE92019843B008EC484 /* HTMLClassParser.swift in Sources */ = {isa = PBXBuildFile; fileRef = 1AA89DE62019843B008EC484 /* HTMLClassParser.swift */; };
		1AA89DED20198444008EC484 /* NibViewOwner.swift in Sources */ = {isa = PBXBuildFile; fileRef = 1AA89DEA20198444008EC484 /* NibViewOwner.swift */; };
		1AA89DEE20198444008EC484 /* Keychain.swift in Sources */ = {isa = PBXBuildFile; fileRef = 1AA89DEB20198444008EC484 /* Keychain.swift */; };
		1AA89DEF20198444008EC484 /* HandledAttrsLogger.swift in Sources */ = {isa = PBXBuildFile; fileRef = 1AA89DEC20198444008EC484 /* HandledAttrsLogger.swift */; };
		1AA89DF120198491008EC484 /* CustomTextAttachment.swift in Sources */ = {isa = PBXBuildFile; fileRef = 1AA89DF020198491008EC484 /* CustomTextAttachment.swift */; };
		1AA89DF4201984C3008EC484 /* Login.swift in Sources */ = {isa = PBXBuildFile; fileRef = 1AA89DF3201984C3008EC484 /* Login.swift */; };
		1AB797671FA62DFF006D3265 /* AppDelegate.swift in Sources */ = {isa = PBXBuildFile; fileRef = 1AB797661FA62DFF006D3265 /* AppDelegate.swift */; };
		1AB7976E1FA62DFF006D3265 /* Main.storyboard in Resources */ = {isa = PBXBuildFile; fileRef = 1AB7976C1FA62DFF006D3265 /* Main.storyboard */; };
		1AB797701FA62DFF006D3265 /* Assets.xcassets in Resources */ = {isa = PBXBuildFile; fileRef = 1AB7976F1FA62DFF006D3265 /* Assets.xcassets */; };
		1AB797731FA62DFF006D3265 /* LaunchScreen.storyboard in Resources */ = {isa = PBXBuildFile; fileRef = 1AB797711FA62DFF006D3265 /* LaunchScreen.storyboard */; };
		1AB7977E1FA62DFF006D3265 /* KnzkAltTests.swift in Sources */ = {isa = PBXBuildFile; fileRef = 1AB7977D1FA62DFF006D3265 /* KnzkAltTests.swift */; };
		38FE96E2A1B539CED169F23F /* Pods_KnzkAlt.framework in Frameworks */ = {isa = PBXBuildFile; fileRef = 84C1FDE5DB4231518E199FD0 /* Pods_KnzkAlt.framework */; };
		C05100437A968D463D85F64F /* AttachmentEntity.swift in Sources */ = {isa = PBXBuildFile; fileRef = C051053C506A7BE31F61E8E8 /* AttachmentEntity.swift */; };
		C05100B643DB6D893B4C439D /* TagEntity.swift in Sources */ = {isa = PBXBuildFile; fileRef = C05108603EF7A8E434FAC086 /* TagEntity.swift */; };
		C051013C90808EA14D21585D /* TLKind.swift in Sources */ = {isa = PBXBuildFile; fileRef = C05105506BF8250C08BE5640 /* TLKind.swift */; };
		C05101F0DB646DCD709EB26F /* ResultsEntity.swift in Sources */ = {isa = PBXBuildFile; fileRef = C051093806951CCD0FA7A62A /* ResultsEntity.swift */; };
		C0510243533088973581EB8A /* CardEntity.swift in Sources */ = {isa = PBXBuildFile; fileRef = C05109AABF769C638A219CE5 /* CardEntity.swift */; };
		C0510254A99C77FABC3E33FA /* TLKind.swift in Sources */ = {isa = PBXBuildFile; fileRef = C05105506BF8250C08BE5640 /* TLKind.swift */; };
		C05102888197321098453456 /* ApplicationEntity.swift in Sources */ = {isa = PBXBuildFile; fileRef = C0510640DFA2BA0DB32501E0 /* ApplicationEntity.swift */; };
		C05102DD74C1ECEED8E7A5F0 /* RelationshipEntity.swift in Sources */ = {isa = PBXBuildFile; fileRef = C0510F25DF98F0D364250CBB /* RelationshipEntity.swift */; };
		C05102F8EE2719EDF1A1FE6C /* CardEntity.swift in Sources */ = {isa = PBXBuildFile; fileRef = C05109AABF769C638A219CE5 /* CardEntity.swift */; };
		C0510381AB5F379C67B3C346 /* EmojiEntity.swift in Sources */ = {isa = PBXBuildFile; fileRef = C051070132C021083E614997 /* EmojiEntity.swift */; };
		C0510398E7A1C9FC0648B8DA /* ReportEntity.swift in Sources */ = {isa = PBXBuildFile; fileRef = C051019870D034469F3AD2F8 /* ReportEntity.swift */; };
		C05103AE36E61D30D2F9A67B /* MentionEntity.swift in Sources */ = {isa = PBXBuildFile; fileRef = C051042043F872A0C0540E14 /* MentionEntity.swift */; };
		C05103FA06FEB5826160D6F9 /* ErrorEntity.swift in Sources */ = {isa = PBXBuildFile; fileRef = C05103070BF5A6E812B015F3 /* ErrorEntity.swift */; };
		C0510445F8777001DD6D98F0 /* EmojiEntity.swift in Sources */ = {isa = PBXBuildFile; fileRef = C051070132C021083E614997 /* EmojiEntity.swift */; };
		C05104605270A2FD0D668298 /* TagEntity.swift in Sources */ = {isa = PBXBuildFile; fileRef = C05108603EF7A8E434FAC086 /* TagEntity.swift */; };
		C051047539A4205F8A2057F2 /* ContextEntity.swift in Sources */ = {isa = PBXBuildFile; fileRef = C0510B3E19313621F69EE6F8 /* ContextEntity.swift */; };
		C05104E6F70BCE319854D1D6 /* StatusEntity.swift in Sources */ = {isa = PBXBuildFile; fileRef = C0510C066E620C529A0EE48C /* StatusEntity.swift */; };
		C051055256C0780A5C82EB2C /* AccountUpdateCredentialsService.swift in Sources */ = {isa = PBXBuildFile; fileRef = C0510BC7EEAEAFAC15E6958E /* AccountUpdateCredentialsService.swift */; };
		C0510559AFC5A879C211EC84 /* TLParams.swift in Sources */ = {isa = PBXBuildFile; fileRef = C0510A6EDA359DE7A9CB6842 /* TLParams.swift */; };
		C0510593305FD51918636E38 /* AccountStatusesService.swift in Sources */ = {isa = PBXBuildFile; fileRef = C051094FC434FE7975558048 /* AccountStatusesService.swift */; };
		C05106237B93C5EDFAE1EE75 /* ResultsEntity.swift in Sources */ = {isa = PBXBuildFile; fileRef = C051093806951CCD0FA7A62A /* ResultsEntity.swift */; };
		C051063C8F94487D951F3992 /* LoadPosition.swift in Sources */ = {isa = PBXBuildFile; fileRef = C051044B0362D353B18AA631 /* LoadPosition.swift */; };
		C0510641C30FD4E91C21F6AB /* NotificationEntity.swift in Sources */ = {isa = PBXBuildFile; fileRef = C0510E07791688F5FC5542A8 /* NotificationEntity.swift */; };
		C051066ED164A42AB6654868 /* AccountUpdateCredentialsService.swift in Sources */ = {isa = PBXBuildFile; fileRef = C0510BC7EEAEAFAC15E6958E /* AccountUpdateCredentialsService.swift */; };
		C05106A4B78EB97153B89723 /* AppNotification.swift in Sources */ = {isa = PBXBuildFile; fileRef = C0510B64372D7F837A34D11B /* AppNotification.swift */; };
		C05106D21767405D8278F098 /* ApplicationEntity.swift in Sources */ = {isa = PBXBuildFile; fileRef = C0510640DFA2BA0DB32501E0 /* ApplicationEntity.swift */; };
		C051072D45D450DCFA2660BD /* AccountFollowingService.swift in Sources */ = {isa = PBXBuildFile; fileRef = C0510E034C77C46585AB2043 /* AccountFollowingService.swift */; };
		C051072FF9FAE361D97372C6 /* TLParams.swift in Sources */ = {isa = PBXBuildFile; fileRef = C0510A6EDA359DE7A9CB6842 /* TLParams.swift */; };
		C0510736A212DEF854ACA281 /* ReportEntity.swift in Sources */ = {isa = PBXBuildFile; fileRef = C051019870D034469F3AD2F8 /* ReportEntity.swift */; };
		C051078C8657AEAC6A0CF71F /* ListEntity.swift in Sources */ = {isa = PBXBuildFile; fileRef = C0510D3CD067A7EB94BB4E57 /* ListEntity.swift */; };
		C05108220F60422D85117716 /* RelationshipEntity.swift in Sources */ = {isa = PBXBuildFile; fileRef = C0510F25DF98F0D364250CBB /* RelationshipEntity.swift */; };
		C05108A5D5258D16D4CA4D6E /* InstanceEntity.swift in Sources */ = {isa = PBXBuildFile; fileRef = C0510383514BEEDFCD2C4DA3 /* InstanceEntity.swift */; };
		C051090AA4B00DD5B7F7454E /* AppNotificationObserving.swift in Sources */ = {isa = PBXBuildFile; fileRef = C0510397D489014CC8992656 /* AppNotificationObserving.swift */; };
		C0510933BCCBBE5DF7353F7B /* AccountEntity.swift in Sources */ = {isa = PBXBuildFile; fileRef = C0510B976CCCC6263FFFC187 /* AccountEntity.swift */; };
		C0510951A2720078A005D465 /* AccountFollowersService.swift in Sources */ = {isa = PBXBuildFile; fileRef = C05109E58D06AF6375380E30 /* AccountFollowersService.swift */; };
		C05109E05F897F9D201ECCC4 /* AccountVerifyCredentialsService.swift in Sources */ = {isa = PBXBuildFile; fileRef = C0510095203EE6D16FB6AF01 /* AccountVerifyCredentialsService.swift */; };
		C05109F51D821C8DA7092C38 /* AccountService.swift in Sources */ = {isa = PBXBuildFile; fileRef = C0510464002C87B6D4E6B85C /* AccountService.swift */; };
		C0510AB23B64D8C844A416BD /* AccountVerifyCredentialsService.swift in Sources */ = {isa = PBXBuildFile; fileRef = C0510095203EE6D16FB6AF01 /* AccountVerifyCredentialsService.swift */; };
		C0510AB6AB05F5EFB5AA8C02 /* ErrorEntity.swift in Sources */ = {isa = PBXBuildFile; fileRef = C05103070BF5A6E812B015F3 /* ErrorEntity.swift */; };
		C0510AB9760FB8BA76DD3A23 /* AppNotificationObserving.swift in Sources */ = {isa = PBXBuildFile; fileRef = C0510397D489014CC8992656 /* AppNotificationObserving.swift */; };
		C0510B4A177CC7EE5AD4899C /* NotificationEntity.swift in Sources */ = {isa = PBXBuildFile; fileRef = C0510E07791688F5FC5542A8 /* NotificationEntity.swift */; };
		C0510B634ACE56BB71276C23 /* MentionEntity.swift in Sources */ = {isa = PBXBuildFile; fileRef = C051042043F872A0C0540E14 /* MentionEntity.swift */; };
		C0510BAD1599A65D9A486F1B /* LoadPosition.swift in Sources */ = {isa = PBXBuildFile; fileRef = C051044B0362D353B18AA631 /* LoadPosition.swift */; };
		C0510CE0FB112AA065F154E6 /* InstanceEntity.swift in Sources */ = {isa = PBXBuildFile; fileRef = C0510383514BEEDFCD2C4DA3 /* InstanceEntity.swift */; };
		C0510D03EC60E7140F65D5DD /* AccountStatusesService.swift in Sources */ = {isa = PBXBuildFile; fileRef = C051094FC434FE7975558048 /* AccountStatusesService.swift */; };
		C0510D133FB0EBDE2CEABAF7 /* AccountEntity.swift in Sources */ = {isa = PBXBuildFile; fileRef = C0510B976CCCC6263FFFC187 /* AccountEntity.swift */; };
		C0510D6189877E841E7C9272 /* ListEntity.swift in Sources */ = {isa = PBXBuildFile; fileRef = C0510D3CD067A7EB94BB4E57 /* ListEntity.swift */; };
		C0510E28CF65BB7B57799BFD /* AccountService.swift in Sources */ = {isa = PBXBuildFile; fileRef = C0510464002C87B6D4E6B85C /* AccountService.swift */; };
		C0510E3F2F4572569C06CECE /* StatusEntity.swift in Sources */ = {isa = PBXBuildFile; fileRef = C0510C066E620C529A0EE48C /* StatusEntity.swift */; };
		C0510E59B55589701E698E3D /* AttachmentEntity.swift in Sources */ = {isa = PBXBuildFile; fileRef = C051053C506A7BE31F61E8E8 /* AttachmentEntity.swift */; };
		C0510E8C11EF8C42F4C81976 /* AccountFollowersService.swift in Sources */ = {isa = PBXBuildFile; fileRef = C05109E58D06AF6375380E30 /* AccountFollowersService.swift */; };
		C0510E9F91C1174D4BBC36B9 /* AccountFollowingService.swift in Sources */ = {isa = PBXBuildFile; fileRef = C0510E034C77C46585AB2043 /* AccountFollowingService.swift */; };
		C0510EB5724E95D8924D1103 /* AppNotification.swift in Sources */ = {isa = PBXBuildFile; fileRef = C0510B64372D7F837A34D11B /* AppNotification.swift */; };
		C0510F76C13CF0A1443ED711 /* ContextEntity.swift in Sources */ = {isa = PBXBuildFile; fileRef = C0510B3E19313621F69EE6F8 /* ContextEntity.swift */; };
		FA4F0FF186534CCAADF713AC /* Pods_KnzkAltTests.framework in Frameworks */ = {isa = PBXBuildFile; fileRef = 6ED6DD55E3BB3F15F0DEEF74 /* Pods_KnzkAltTests.framework */; };
/* End PBXBuildFile section */

/* Begin PBXContainerItemProxy section */
		1AB7977A1FA62DFF006D3265 /* PBXContainerItemProxy */ = {
			isa = PBXContainerItemProxy;
			containerPortal = 1AB7975B1FA62DFF006D3265 /* Project object */;
			proxyType = 1;
			remoteGlobalIDString = 1AB797621FA62DFF006D3265;
			remoteInfo = KnzkAlt;
		};
/* End PBXContainerItemProxy section */

/* Begin PBXFileReference section */
		1A5696EB1FB4A82A00BC82DC /* MastodonKit.framework */ = {isa = PBXFileReference; lastKnownFileType = wrapper.framework; name = MastodonKit.framework; path = ../Test/Carthage/Build/iOS/MastodonKit.framework; sourceTree = "<group>"; };
		1AA89DA720198210008EC484 /* AccountDetailVC.swift */ = {isa = PBXFileReference; fileEncoding = 4; lastKnownFileType = sourcecode.swift; path = AccountDetailVC.swift; sourceTree = "<group>"; };
		1AA89DA820198210008EC484 /* LoginVC.swift */ = {isa = PBXFileReference; fileEncoding = 4; lastKnownFileType = sourcecode.swift; path = LoginVC.swift; sourceTree = "<group>"; };
		1AA89DA920198210008EC484 /* StatusDetailVC.swift */ = {isa = PBXFileReference; fileEncoding = 4; lastKnownFileType = sourcecode.swift; path = StatusDetailVC.swift; sourceTree = "<group>"; };
		1AA89DAA20198210008EC484 /* TimelineVC.swift */ = {isa = PBXFileReference; fileEncoding = 4; lastKnownFileType = sourcecode.swift; path = TimelineVC.swift; sourceTree = "<group>"; };
		1AA89DAB20198210008EC484 /* ProfileVC.swift */ = {isa = PBXFileReference; fileEncoding = 4; lastKnownFileType = sourcecode.swift; path = ProfileVC.swift; sourceTree = "<group>"; };
		1AA89DAC20198210008EC484 /* TootVC.swift */ = {isa = PBXFileReference; fileEncoding = 4; lastKnownFileType = sourcecode.swift; path = TootVC.swift; sourceTree = "<group>"; };
		1AA89DAD20198210008EC484 /* NotificationVC.swift */ = {isa = PBXFileReference; fileEncoding = 4; lastKnownFileType = sourcecode.swift; path = NotificationVC.swift; sourceTree = "<group>"; };
		1AA89DAE20198210008EC484 /* InitialVC.swift */ = {isa = PBXFileReference; fileEncoding = 4; lastKnownFileType = sourcecode.swift; path = InitialVC.swift; sourceTree = "<group>"; };
		1AA89DAF20198210008EC484 /* TimelineNavigation.swift */ = {isa = PBXFileReference; fileEncoding = 4; lastKnownFileType = sourcecode.swift; path = TimelineNavigation.swift; sourceTree = "<group>"; };
		1AA89DB020198210008EC484 /* AccountDetailVC.xib */ = {isa = PBXFileReference; fileEncoding = 4; lastKnownFileType = file.xib; path = AccountDetailVC.xib; sourceTree = "<group>"; };
		1AA89DB120198210008EC484 /* MainVC.swift */ = {isa = PBXFileReference; fileEncoding = 4; lastKnownFileType = sourcecode.swift; path = MainVC.swift; sourceTree = "<group>"; };
		1AA89DB220198210008EC484 /* MenuVC.swift */ = {isa = PBXFileReference; fileEncoding = 4; lastKnownFileType = sourcecode.swift; path = MenuVC.swift; sourceTree = "<group>"; };
		1AA89DC120198321008EC484 /* StatusContentContainerView.swift */ = {isa = PBXFileReference; fileEncoding = 4; lastKnownFileType = sourcecode.swift; path = StatusContentContainerView.swift; sourceTree = "<group>"; };
		1AA89DC220198321008EC484 /* TimelineSwitch.xib */ = {isa = PBXFileReference; fileEncoding = 4; lastKnownFileType = file.xib; path = TimelineSwitch.xib; sourceTree = "<group>"; };
		1AA89DC320198322008EC484 /* MediaView.swift */ = {isa = PBXFileReference; fileEncoding = 4; lastKnownFileType = sourcecode.swift; path = MediaView.swift; sourceTree = "<group>"; };
		1AA89DC420198322008EC484 /* StatusCell.swift */ = {isa = PBXFileReference; fileEncoding = 4; lastKnownFileType = sourcecode.swift; path = StatusCell.swift; sourceTree = "<group>"; };
		1AA89DC520198322008EC484 /* StatusCell.xib */ = {isa = PBXFileReference; fileEncoding = 4; lastKnownFileType = file.xib; path = StatusCell.xib; sourceTree = "<group>"; };
		1AA89DC620198322008EC484 /* TimelineSwitch.swift */ = {isa = PBXFileReference; fileEncoding = 4; lastKnownFileType = sourcecode.swift; path = TimelineSwitch.swift; sourceTree = "<group>"; };
		1AA89DCD2019832B008EC484 /* BBCodeView.swift */ = {isa = PBXFileReference; fileEncoding = 4; lastKnownFileType = sourcecode.swift; path = BBCodeView.swift; sourceTree = "<group>"; };
		1AA89DCE2019832B008EC484 /* BBCodeLayer.swift */ = {isa = PBXFileReference; fileEncoding = 4; lastKnownFileType = sourcecode.swift; path = BBCodeLayer.swift; sourceTree = "<group>"; };
		1AA89DCF2019832B008EC484 /* BBCodeCustomAttrs.swift */ = {isa = PBXFileReference; fileEncoding = 4; lastKnownFileType = sourcecode.swift; path = BBCodeCustomAttrs.swift; sourceTree = "<group>"; };
		1AA89DD02019832B008EC484 /* BBCodeLayoutManager.swift */ = {isa = PBXFileReference; fileEncoding = 4; lastKnownFileType = sourcecode.swift; path = BBCodeLayoutManager.swift; sourceTree = "<group>"; };
		1AA89DD12019832B008EC484 /* BBCodeCustomValue.swift */ = {isa = PBXFileReference; fileEncoding = 4; lastKnownFileType = sourcecode.swift; path = BBCodeCustomValue.swift; sourceTree = "<group>"; };
		1AA89DD720198337008EC484 /* StatusDetailVC.xib */ = {isa = PBXFileReference; fileEncoding = 4; lastKnownFileType = file.xib; path = StatusDetailVC.xib; sourceTree = "<group>"; };
		1AA89DDA201983BF008EC484 /* DataSource.swift */ = {isa = PBXFileReference; fileEncoding = 4; lastKnownFileType = sourcecode.swift; path = DataSource.swift; sourceTree = "<group>"; };
		1AA89DDC201983BF008EC484 /* ClientManager.swift */ = {isa = PBXFileReference; fileEncoding = 4; lastKnownFileType = sourcecode.swift; path = ClientManager.swift; sourceTree = "<group>"; };
		1AA89DDD201983BF008EC484 /* DataSourceTimeline.swift */ = {isa = PBXFileReference; fileEncoding = 4; lastKnownFileType = sourcecode.swift; path = DataSourceTimeline.swift; sourceTree = "<group>"; };
		1AA89DE42019843A008EC484 /* CSSColorParser.swift */ = {isa = PBXFileReference; fileEncoding = 4; lastKnownFileType = sourcecode.swift; path = CSSColorParser.swift; sourceTree = "<group>"; };
		1AA89DE52019843A008EC484 /* HTMLStyleParser.swift */ = {isa = PBXFileReference; fileEncoding = 4; lastKnownFileType = sourcecode.swift; path = HTMLStyleParser.swift; sourceTree = "<group>"; };
		1AA89DE62019843B008EC484 /* HTMLClassParser.swift */ = {isa = PBXFileReference; fileEncoding = 4; lastKnownFileType = sourcecode.swift; path = HTMLClassParser.swift; sourceTree = "<group>"; };
		1AA89DEA20198444008EC484 /* NibViewOwner.swift */ = {isa = PBXFileReference; fileEncoding = 4; lastKnownFileType = sourcecode.swift; path = NibViewOwner.swift; sourceTree = "<group>"; };
		1AA89DEB20198444008EC484 /* Keychain.swift */ = {isa = PBXFileReference; fileEncoding = 4; lastKnownFileType = sourcecode.swift; path = Keychain.swift; sourceTree = "<group>"; };
		1AA89DEC20198444008EC484 /* HandledAttrsLogger.swift */ = {isa = PBXFileReference; fileEncoding = 4; lastKnownFileType = sourcecode.swift; path = HandledAttrsLogger.swift; sourceTree = "<group>"; };
		1AA89DF020198491008EC484 /* CustomTextAttachment.swift */ = {isa = PBXFileReference; fileEncoding = 4; lastKnownFileType = sourcecode.swift; path = CustomTextAttachment.swift; sourceTree = "<group>"; };
		1AA89DF3201984C3008EC484 /* Login.swift */ = {isa = PBXFileReference; fileEncoding = 4; lastKnownFileType = sourcecode.swift; path = Login.swift; sourceTree = "<group>"; };
		1AB797631FA62DFF006D3265 /* KnzkAlt.app */ = {isa = PBXFileReference; explicitFileType = wrapper.application; includeInIndex = 0; path = KnzkAlt.app; sourceTree = BUILT_PRODUCTS_DIR; };
		1AB797661FA62DFF006D3265 /* AppDelegate.swift */ = {isa = PBXFileReference; lastKnownFileType = sourcecode.swift; path = AppDelegate.swift; sourceTree = "<group>"; };
		1AB7976D1FA62DFF006D3265 /* Base */ = {isa = PBXFileReference; lastKnownFileType = file.storyboard; name = Base; path = Base.lproj/Main.storyboard; sourceTree = "<group>"; };
		1AB7976F1FA62DFF006D3265 /* Assets.xcassets */ = {isa = PBXFileReference; lastKnownFileType = folder.assetcatalog; path = Assets.xcassets; sourceTree = "<group>"; };
		1AB797721FA62DFF006D3265 /* Base */ = {isa = PBXFileReference; lastKnownFileType = file.storyboard; name = Base; path = Base.lproj/LaunchScreen.storyboard; sourceTree = "<group>"; };
		1AB797741FA62DFF006D3265 /* Info.plist */ = {isa = PBXFileReference; lastKnownFileType = text.plist.xml; path = Info.plist; sourceTree = "<group>"; };
		1AB797791FA62DFF006D3265 /* KnzkAltTests.xctest */ = {isa = PBXFileReference; explicitFileType = wrapper.cfbundle; includeInIndex = 0; path = KnzkAltTests.xctest; sourceTree = BUILT_PRODUCTS_DIR; };
		1AB7977D1FA62DFF006D3265 /* KnzkAltTests.swift */ = {isa = PBXFileReference; lastKnownFileType = sourcecode.swift; path = KnzkAltTests.swift; sourceTree = "<group>"; };
		1AB7977F1FA62DFF006D3265 /* Info.plist */ = {isa = PBXFileReference; lastKnownFileType = text.plist.xml; path = Info.plist; sourceTree = "<group>"; };
		496990F56DE34F568C25DCBD /* Pods-KnzkAltTests.release.xcconfig */ = {isa = PBXFileReference; includeInIndex = 1; lastKnownFileType = text.xcconfig; name = "Pods-KnzkAltTests.release.xcconfig"; path = "Pods/Target Support Files/Pods-KnzkAltTests/Pods-KnzkAltTests.release.xcconfig"; sourceTree = "<group>"; };
		68F7CE2B21DB47D38273C790 /* Pods-KnzkAlt.debug.xcconfig */ = {isa = PBXFileReference; includeInIndex = 1; lastKnownFileType = text.xcconfig; name = "Pods-KnzkAlt.debug.xcconfig"; path = "Pods/Target Support Files/Pods-KnzkAlt/Pods-KnzkAlt.debug.xcconfig"; sourceTree = "<group>"; };
		6ED6DD55E3BB3F15F0DEEF74 /* Pods_KnzkAltTests.framework */ = {isa = PBXFileReference; explicitFileType = wrapper.framework; includeInIndex = 0; path = Pods_KnzkAltTests.framework; sourceTree = BUILT_PRODUCTS_DIR; };
		84C1FDE5DB4231518E199FD0 /* Pods_KnzkAlt.framework */ = {isa = PBXFileReference; explicitFileType = wrapper.framework; includeInIndex = 0; path = Pods_KnzkAlt.framework; sourceTree = BUILT_PRODUCTS_DIR; };
		84E76E508630EC371A50FC55 /* Pods-KnzkAlt.release.xcconfig */ = {isa = PBXFileReference; includeInIndex = 1; lastKnownFileType = text.xcconfig; name = "Pods-KnzkAlt.release.xcconfig"; path = "Pods/Target Support Files/Pods-KnzkAlt/Pods-KnzkAlt.release.xcconfig"; sourceTree = "<group>"; };
		C0510095203EE6D16FB6AF01 /* AccountVerifyCredentialsService.swift */ = {isa = PBXFileReference; fileEncoding = 4; lastKnownFileType = sourcecode.swift; path = AccountVerifyCredentialsService.swift; sourceTree = "<group>"; };
		C051019870D034469F3AD2F8 /* ReportEntity.swift */ = {isa = PBXFileReference; fileEncoding = 4; lastKnownFileType = sourcecode.swift; path = ReportEntity.swift; sourceTree = "<group>"; };
		C05103070BF5A6E812B015F3 /* ErrorEntity.swift */ = {isa = PBXFileReference; fileEncoding = 4; lastKnownFileType = sourcecode.swift; path = ErrorEntity.swift; sourceTree = "<group>"; };
		C0510383514BEEDFCD2C4DA3 /* InstanceEntity.swift */ = {isa = PBXFileReference; fileEncoding = 4; lastKnownFileType = sourcecode.swift; path = InstanceEntity.swift; sourceTree = "<group>"; };
		C0510397D489014CC8992656 /* AppNotificationObserving.swift */ = {isa = PBXFileReference; fileEncoding = 4; lastKnownFileType = sourcecode.swift; path = AppNotificationObserving.swift; sourceTree = "<group>"; };
		C051042043F872A0C0540E14 /* MentionEntity.swift */ = {isa = PBXFileReference; fileEncoding = 4; lastKnownFileType = sourcecode.swift; path = MentionEntity.swift; sourceTree = "<group>"; };
		C051044B0362D353B18AA631 /* LoadPosition.swift */ = {isa = PBXFileReference; fileEncoding = 4; lastKnownFileType = sourcecode.swift; path = LoadPosition.swift; sourceTree = "<group>"; };
		C0510464002C87B6D4E6B85C /* AccountService.swift */ = {isa = PBXFileReference; fileEncoding = 4; lastKnownFileType = sourcecode.swift; path = AccountService.swift; sourceTree = "<group>"; };
		C051053C506A7BE31F61E8E8 /* AttachmentEntity.swift */ = {isa = PBXFileReference; fileEncoding = 4; lastKnownFileType = sourcecode.swift; path = AttachmentEntity.swift; sourceTree = "<group>"; };
		C05105506BF8250C08BE5640 /* TLKind.swift */ = {isa = PBXFileReference; fileEncoding = 4; lastKnownFileType = sourcecode.swift; path = TLKind.swift; sourceTree = "<group>"; };
		C0510640DFA2BA0DB32501E0 /* ApplicationEntity.swift */ = {isa = PBXFileReference; fileEncoding = 4; lastKnownFileType = sourcecode.swift; path = ApplicationEntity.swift; sourceTree = "<group>"; };
		C051070132C021083E614997 /* EmojiEntity.swift */ = {isa = PBXFileReference; fileEncoding = 4; lastKnownFileType = sourcecode.swift; path = EmojiEntity.swift; sourceTree = "<group>"; };
		C05108603EF7A8E434FAC086 /* TagEntity.swift */ = {isa = PBXFileReference; fileEncoding = 4; lastKnownFileType = sourcecode.swift; path = TagEntity.swift; sourceTree = "<group>"; };
		C051093806951CCD0FA7A62A /* ResultsEntity.swift */ = {isa = PBXFileReference; fileEncoding = 4; lastKnownFileType = sourcecode.swift; path = ResultsEntity.swift; sourceTree = "<group>"; };
		C051094FC434FE7975558048 /* AccountStatusesService.swift */ = {isa = PBXFileReference; fileEncoding = 4; lastKnownFileType = sourcecode.swift; path = AccountStatusesService.swift; sourceTree = "<group>"; };
		C05109AABF769C638A219CE5 /* CardEntity.swift */ = {isa = PBXFileReference; fileEncoding = 4; lastKnownFileType = sourcecode.swift; path = CardEntity.swift; sourceTree = "<group>"; };
		C05109E58D06AF6375380E30 /* AccountFollowersService.swift */ = {isa = PBXFileReference; fileEncoding = 4; lastKnownFileType = sourcecode.swift; path = AccountFollowersService.swift; sourceTree = "<group>"; };
		C0510A6EDA359DE7A9CB6842 /* TLParams.swift */ = {isa = PBXFileReference; fileEncoding = 4; lastKnownFileType = sourcecode.swift; path = TLParams.swift; sourceTree = "<group>"; };
		C0510B3E19313621F69EE6F8 /* ContextEntity.swift */ = {isa = PBXFileReference; fileEncoding = 4; lastKnownFileType = sourcecode.swift; path = ContextEntity.swift; sourceTree = "<group>"; };
		C0510B64372D7F837A34D11B /* AppNotification.swift */ = {isa = PBXFileReference; fileEncoding = 4; lastKnownFileType = sourcecode.swift; path = AppNotification.swift; sourceTree = "<group>"; };
		C0510B976CCCC6263FFFC187 /* AccountEntity.swift */ = {isa = PBXFileReference; fileEncoding = 4; lastKnownFileType = sourcecode.swift; path = AccountEntity.swift; sourceTree = "<group>"; };
		C0510BC7EEAEAFAC15E6958E /* AccountUpdateCredentialsService.swift */ = {isa = PBXFileReference; fileEncoding = 4; lastKnownFileType = sourcecode.swift; path = AccountUpdateCredentialsService.swift; sourceTree = "<group>"; };
		C0510C066E620C529A0EE48C /* StatusEntity.swift */ = {isa = PBXFileReference; fileEncoding = 4; lastKnownFileType = sourcecode.swift; path = StatusEntity.swift; sourceTree = "<group>"; };
		C0510D3CD067A7EB94BB4E57 /* ListEntity.swift */ = {isa = PBXFileReference; fileEncoding = 4; lastKnownFileType = sourcecode.swift; path = ListEntity.swift; sourceTree = "<group>"; };
		C0510E034C77C46585AB2043 /* AccountFollowingService.swift */ = {isa = PBXFileReference; fileEncoding = 4; lastKnownFileType = sourcecode.swift; path = AccountFollowingService.swift; sourceTree = "<group>"; };
		C0510E07791688F5FC5542A8 /* NotificationEntity.swift */ = {isa = PBXFileReference; fileEncoding = 4; lastKnownFileType = sourcecode.swift; path = NotificationEntity.swift; sourceTree = "<group>"; };
		C0510F25DF98F0D364250CBB /* RelationshipEntity.swift */ = {isa = PBXFileReference; fileEncoding = 4; lastKnownFileType = sourcecode.swift; path = RelationshipEntity.swift; sourceTree = "<group>"; };
		F06C2904928D68E63D1D7B8D /* Pods-KnzkAltTests.debug.xcconfig */ = {isa = PBXFileReference; includeInIndex = 1; lastKnownFileType = text.xcconfig; name = "Pods-KnzkAltTests.debug.xcconfig"; path = "Pods/Target Support Files/Pods-KnzkAltTests/Pods-KnzkAltTests.debug.xcconfig"; sourceTree = "<group>"; };
/* End PBXFileReference section */

/* Begin PBXFrameworksBuildPhase section */
		1AB797601FA62DFF006D3265 /* Frameworks */ = {
			isa = PBXFrameworksBuildPhase;
			buildActionMask = 2147483647;
			files = (
				38FE96E2A1B539CED169F23F /* Pods_KnzkAlt.framework in Frameworks */,
			);
			runOnlyForDeploymentPostprocessing = 0;
		};
		1AB797761FA62DFF006D3265 /* Frameworks */ = {
			isa = PBXFrameworksBuildPhase;
			buildActionMask = 2147483647;
			files = (
				1A5696ED1FB4A84C00BC82DC /* MastodonKit.framework in Frameworks */,
				FA4F0FF186534CCAADF713AC /* Pods_KnzkAltTests.framework in Frameworks */,
			);
			runOnlyForDeploymentPostprocessing = 0;
		};
/* End PBXFrameworksBuildPhase section */

/* Begin PBXGroup section */
		1AA89DA6201981DB008EC484 /* ViewController */ = {
			isa = PBXGroup;
			children = (
				1AA89DA720198210008EC484 /* AccountDetailVC.swift */,
				1AA89DAE20198210008EC484 /* InitialVC.swift */,
				1AA89DA820198210008EC484 /* LoginVC.swift */,
				1AA89DB120198210008EC484 /* MainVC.swift */,
				1AA89DB220198210008EC484 /* MenuVC.swift */,
				1AA89DAD20198210008EC484 /* NotificationVC.swift */,
				1AA89DAB20198210008EC484 /* ProfileVC.swift */,
				1AA89DA920198210008EC484 /* StatusDetailVC.swift */,
				1AA89DAF20198210008EC484 /* TimelineNavigation.swift */,
				1AA89DAA20198210008EC484 /* TimelineVC.swift */,
				1AA89DAC20198210008EC484 /* TootVC.swift */,
				1AA89DB020198210008EC484 /* AccountDetailVC.xib */,
				1AA89DD720198337008EC484 /* StatusDetailVC.xib */,
			);
			path = ViewController;
			sourceTree = "<group>";
		};
		1AA89DBF2019822E008EC484 /* View */ = {
			isa = PBXGroup;
			children = (
				1AA89DC320198322008EC484 /* MediaView.swift */,
				1AA89DC420198322008EC484 /* StatusCell.swift */,
				1AA89DC120198321008EC484 /* StatusContentContainerView.swift */,
				1AA89DC620198322008EC484 /* TimelineSwitch.swift */,
				1AA89DC520198322008EC484 /* StatusCell.xib */,
				1AA89DC220198321008EC484 /* TimelineSwitch.xib */,
				1AA89DC02019824D008EC484 /* BBCode */,
			);
			path = View;
			sourceTree = "<group>";
		};
		1AA89DC02019824D008EC484 /* BBCode */ = {
			isa = PBXGroup;
			children = (
				1AA89DCF2019832B008EC484 /* BBCodeCustomAttrs.swift */,
				1AA89DD12019832B008EC484 /* BBCodeCustomValue.swift */,
				1AA89DCE2019832B008EC484 /* BBCodeLayer.swift */,
				1AA89DD02019832B008EC484 /* BBCodeLayoutManager.swift */,
				1AA89DCD2019832B008EC484 /* BBCodeView.swift */,
				1AA89DF020198491008EC484 /* CustomTextAttachment.swift */,
			);
			path = BBCode;
			sourceTree = "<group>";
		};
		1AA89DD92019837D008EC484 /* MastodonData */ = {
			isa = PBXGroup;
			children = (
				1AA89DDC201983BF008EC484 /* ClientManager.swift */,
				1AA89DDA201983BF008EC484 /* DataSource.swift */,
				1AA89DDD201983BF008EC484 /* DataSourceTimeline.swift */,
				C0510ABD2BF5121B9DFFF7BD /* ServiceAccess */,
			);
			path = MastodonData;
			sourceTree = "<group>";
		};
		1AA89DE2201983E6008EC484 /* Misc */ = {
			isa = PBXGroup;
			children = (
				1AA89DEC20198444008EC484 /* HandledAttrsLogger.swift */,
				1AA89DEB20198444008EC484 /* Keychain.swift */,
				1AA89DEA20198444008EC484 /* NibViewOwner.swift */,
				1AA89DE3201983F0008EC484 /* HTML */,
			);
			path = Misc;
			sourceTree = "<group>";
		};
		1AA89DE3201983F0008EC484 /* HTML */ = {
			isa = PBXGroup;
			children = (
				1AA89DE42019843A008EC484 /* CSSColorParser.swift */,
				1AA89DE62019843B008EC484 /* HTMLClassParser.swift */,
				1AA89DE52019843A008EC484 /* HTMLStyleParser.swift */,
			);
			path = HTML;
			sourceTree = "<group>";
		};
		1AA89DF2201984A1008EC484 /* MastodonLogin */ = {
			isa = PBXGroup;
			children = (
				1AA89DF3201984C3008EC484 /* Login.swift */,
			);
			path = MastodonLogin;
			sourceTree = "<group>";
		};
		1AA89DF5201984D8008EC484 /* AppNotification */ = {
			isa = PBXGroup;
			children = (
				C0510B64372D7F837A34D11B /* AppNotification.swift */,
				C051044B0362D353B18AA631 /* LoadPosition.swift */,
				C05105506BF8250C08BE5640 /* TLKind.swift */,
				C0510A6EDA359DE7A9CB6842 /* TLParams.swift */,
				C0510397D489014CC8992656 /* AppNotificationObserving.swift */,
			);
			path = AppNotification;
			sourceTree = "<group>";
		};
		1AB7975A1FA62DFF006D3265 = {
			isa = PBXGroup;
			children = (
				1AB797651FA62DFF006D3265 /* KnzkAlt */,
				1AB7977C1FA62DFF006D3265 /* KnzkAltTests */,
				1AB797641FA62DFF006D3265 /* Products */,
				2AAE723F0C521CE2B966660E /* Frameworks */,
				F5D4882054617EFA13D4FE35 /* Pods */,
			);
			sourceTree = "<group>";
		};
		1AB797641FA62DFF006D3265 /* Products */ = {
			isa = PBXGroup;
			children = (
				1AB797631FA62DFF006D3265 /* KnzkAlt.app */,
				1AB797791FA62DFF006D3265 /* KnzkAltTests.xctest */,
			);
			name = Products;
			sourceTree = "<group>";
		};
		1AB797651FA62DFF006D3265 /* KnzkAlt */ = {
			isa = PBXGroup;
			children = (
				1AB797741FA62DFF006D3265 /* Info.plist */,
				1AB797661FA62DFF006D3265 /* AppDelegate.swift */,
				1AB7976F1FA62DFF006D3265 /* Assets.xcassets */,
				1AA89DF5201984D8008EC484 /* AppNotification */,
				1AB797711FA62DFF006D3265 /* LaunchScreen.storyboard */,
				1AB7976C1FA62DFF006D3265 /* Main.storyboard */,
				1AA89DD92019837D008EC484 /* MastodonData */,
				1AA89DF2201984A1008EC484 /* MastodonLogin */,
				1AA89DE2201983E6008EC484 /* Misc */,
				1AA89DBF2019822E008EC484 /* View */,
				1AA89DA6201981DB008EC484 /* ViewController */,
			);
			path = KnzkAlt;
			sourceTree = "<group>";
		};
		1AB7977C1FA62DFF006D3265 /* KnzkAltTests */ = {
			isa = PBXGroup;
			children = (
				1AB7977D1FA62DFF006D3265 /* KnzkAltTests.swift */,
				1AB7977F1FA62DFF006D3265 /* Info.plist */,
			);
			path = KnzkAltTests;
			sourceTree = "<group>";
		};
		2AAE723F0C521CE2B966660E /* Frameworks */ = {
			isa = PBXGroup;
			children = (
				1A5696EB1FB4A82A00BC82DC /* MastodonKit.framework */,
				84C1FDE5DB4231518E199FD0 /* Pods_KnzkAlt.framework */,
				6ED6DD55E3BB3F15F0DEEF74 /* Pods_KnzkAltTests.framework */,
			);
			name = Frameworks;
			sourceTree = "<group>";
		};
		C0510ABD2BF5121B9DFFF7BD /* ServiceAccess */ = {
			isa = PBXGroup;
			children = (
				C0510C1B729B2DCA7384AD93 /* Accounts */,
				C0510C952E91942C7848B3C9 /* Entity */,
			);
			path = ServiceAccess;
			sourceTree = "<group>";
		};
		C0510C1B729B2DCA7384AD93 /* Accounts */ = {
			isa = PBXGroup;
			children = (
				C0510464002C87B6D4E6B85C /* AccountService.swift */,
				C0510095203EE6D16FB6AF01 /* AccountVerifyCredentialsService.swift */,
				C0510BC7EEAEAFAC15E6958E /* AccountUpdateCredentialsService.swift */,
				C05109E58D06AF6375380E30 /* AccountFollowersService.swift */,
				C0510E034C77C46585AB2043 /* AccountFollowingService.swift */,
				C051094FC434FE7975558048 /* AccountStatusesService.swift */,
			);
			path = Accounts;
			sourceTree = "<group>";
		};
		C0510C952E91942C7848B3C9 /* Entity */ = {
			isa = PBXGroup;
			children = (
				C0510B976CCCC6263FFFC187 /* AccountEntity.swift */,
				C0510640DFA2BA0DB32501E0 /* ApplicationEntity.swift */,
				C051053C506A7BE31F61E8E8 /* AttachmentEntity.swift */,
				C05109AABF769C638A219CE5 /* CardEntity.swift */,
				C0510C066E620C529A0EE48C /* StatusEntity.swift */,
				C0510B3E19313621F69EE6F8 /* ContextEntity.swift */,
				C051070132C021083E614997 /* EmojiEntity.swift */,
				C05103070BF5A6E812B015F3 /* ErrorEntity.swift */,
				C0510383514BEEDFCD2C4DA3 /* InstanceEntity.swift */,
				C0510D3CD067A7EB94BB4E57 /* ListEntity.swift */,
				C051042043F872A0C0540E14 /* MentionEntity.swift */,
				C0510E07791688F5FC5542A8 /* NotificationEntity.swift */,
				C0510F25DF98F0D364250CBB /* RelationshipEntity.swift */,
				C051019870D034469F3AD2F8 /* ReportEntity.swift */,
				C051093806951CCD0FA7A62A /* ResultsEntity.swift */,
				C05108603EF7A8E434FAC086 /* TagEntity.swift */,
			);
			path = Entity;
			sourceTree = "<group>";
		};
		F5D4882054617EFA13D4FE35 /* Pods */ = {
			isa = PBXGroup;
			children = (
				68F7CE2B21DB47D38273C790 /* Pods-KnzkAlt.debug.xcconfig */,
				84E76E508630EC371A50FC55 /* Pods-KnzkAlt.release.xcconfig */,
				F06C2904928D68E63D1D7B8D /* Pods-KnzkAltTests.debug.xcconfig */,
				496990F56DE34F568C25DCBD /* Pods-KnzkAltTests.release.xcconfig */,
			);
			name = Pods;
			sourceTree = "<group>";
		};
/* End PBXGroup section */

/* Begin PBXNativeTarget section */
		1AB797621FA62DFF006D3265 /* KnzkAlt */ = {
			isa = PBXNativeTarget;
			buildConfigurationList = 1AB797821FA62DFF006D3265 /* Build configuration list for PBXNativeTarget "KnzkAlt" */;
			buildPhases = (
				63B03F127C479FACB9081DB6 /* [CP] Check Pods Manifest.lock */,
				1AB7975F1FA62DFF006D3265 /* Sources */,
				1AB797601FA62DFF006D3265 /* Frameworks */,
				1AB797611FA62DFF006D3265 /* Resources */,
				7CC6BCECAAD57C9A6CFB7BE5 /* [CP] Embed Pods Frameworks */,
				A47C29C74BF95FC3B59CE39F /* [CP] Copy Pods Resources */,
			);
			buildRules = (
			);
			dependencies = (
			);
			name = KnzkAlt;
			productName = KnzkAlt;
			productReference = 1AB797631FA62DFF006D3265 /* KnzkAlt.app */;
			productType = "com.apple.product-type.application";
		};
		1AB797781FA62DFF006D3265 /* KnzkAltTests */ = {
			isa = PBXNativeTarget;
			buildConfigurationList = 1AB797851FA62DFF006D3265 /* Build configuration list for PBXNativeTarget "KnzkAltTests" */;
			buildPhases = (
				F597D8447B6E55F9B99B462C /* [CP] Check Pods Manifest.lock */,
				1AB797751FA62DFF006D3265 /* Sources */,
				1AB797761FA62DFF006D3265 /* Frameworks */,
				1AB797771FA62DFF006D3265 /* Resources */,
				032AAD0BFFD385AD70DD6F3B /* [CP] Embed Pods Frameworks */,
				00358437C33F0F89FC5A2532 /* [CP] Copy Pods Resources */,
			);
			buildRules = (
			);
			dependencies = (
				1AB7977B1FA62DFF006D3265 /* PBXTargetDependency */,
			);
			name = KnzkAltTests;
			productName = KnzkAltTests;
			productReference = 1AB797791FA62DFF006D3265 /* KnzkAltTests.xctest */;
			productType = "com.apple.product-type.bundle.unit-test";
		};
/* End PBXNativeTarget section */

/* Begin PBXProject section */
		1AB7975B1FA62DFF006D3265 /* Project object */ = {
			isa = PBXProject;
			attributes = {
				LastSwiftUpdateCheck = 0900;
				LastUpgradeCheck = 0930;
				ORGANIZATIONNAME = AtCurio;
				TargetAttributes = {
					1AB797621FA62DFF006D3265 = {
						CreatedOnToolsVersion = 9.0.1;
						ProvisioningStyle = Automatic;
					};
					1AB797781FA62DFF006D3265 = {
						CreatedOnToolsVersion = 9.0.1;
						ProvisioningStyle = Automatic;
						TestTargetID = 1AB797621FA62DFF006D3265;
					};
				};
			};
			buildConfigurationList = 1AB7975E1FA62DFF006D3265 /* Build configuration list for PBXProject "KnzkAlt" */;
			compatibilityVersion = "Xcode 8.0";
			developmentRegion = en;
			hasScannedForEncodings = 0;
			knownRegions = (
				en,
				Base,
			);
			mainGroup = 1AB7975A1FA62DFF006D3265;
			productRefGroup = 1AB797641FA62DFF006D3265 /* Products */;
			projectDirPath = "";
			projectRoot = "";
			targets = (
				1AB797621FA62DFF006D3265 /* KnzkAlt */,
				1AB797781FA62DFF006D3265 /* KnzkAltTests */,
			);
		};
/* End PBXProject section */

/* Begin PBXResourcesBuildPhase section */
		1AB797611FA62DFF006D3265 /* Resources */ = {
			isa = PBXResourcesBuildPhase;
			buildActionMask = 2147483647;
			files = (
				1AA89DD820198337008EC484 /* StatusDetailVC.xib in Resources */,
				1AB797731FA62DFF006D3265 /* LaunchScreen.storyboard in Resources */,
				1AA89DCB20198322008EC484 /* StatusCell.xib in Resources */,
				1AA89DC820198322008EC484 /* TimelineSwitch.xib in Resources */,
				1AB797701FA62DFF006D3265 /* Assets.xcassets in Resources */,
				1AB7976E1FA62DFF006D3265 /* Main.storyboard in Resources */,
				1AA89DBC20198210008EC484 /* AccountDetailVC.xib in Resources */,
			);
			runOnlyForDeploymentPostprocessing = 0;
		};
		1AB797771FA62DFF006D3265 /* Resources */ = {
			isa = PBXResourcesBuildPhase;
			buildActionMask = 2147483647;
			files = (
			);
			runOnlyForDeploymentPostprocessing = 0;
		};
/* End PBXResourcesBuildPhase section */

/* Begin PBXShellScriptBuildPhase section */
		00358437C33F0F89FC5A2532 /* [CP] Copy Pods Resources */ = {
			isa = PBXShellScriptBuildPhase;
			buildActionMask = 2147483647;
			files = (
			);
			inputPaths = (
			);
			name = "[CP] Copy Pods Resources";
			outputPaths = (
			);
			runOnlyForDeploymentPostprocessing = 0;
			shellPath = /bin/sh;
			shellScript = "\"${SRCROOT}/Pods/Target Support Files/Pods-KnzkAltTests/Pods-KnzkAltTests-resources.sh\"\n";
			showEnvVarsInLog = 0;
		};
		032AAD0BFFD385AD70DD6F3B /* [CP] Embed Pods Frameworks */ = {
			isa = PBXShellScriptBuildPhase;
			buildActionMask = 2147483647;
			files = (
			);
			inputPaths = (
			);
			name = "[CP] Embed Pods Frameworks";
			outputPaths = (
			);
			runOnlyForDeploymentPostprocessing = 0;
			shellPath = /bin/sh;
			shellScript = "\"${SRCROOT}/Pods/Target Support Files/Pods-KnzkAltTests/Pods-KnzkAltTests-frameworks.sh\"\n";
			showEnvVarsInLog = 0;
		};
		63B03F127C479FACB9081DB6 /* [CP] Check Pods Manifest.lock */ = {
			isa = PBXShellScriptBuildPhase;
			buildActionMask = 2147483647;
			files = (
			);
			inputPaths = (
				"${PODS_PODFILE_DIR_PATH}/Podfile.lock",
				"${PODS_ROOT}/Manifest.lock",
			);
			name = "[CP] Check Pods Manifest.lock";
			outputPaths = (
				"$(DERIVED_FILE_DIR)/Pods-KnzkAlt-checkManifestLockResult.txt",
			);
			runOnlyForDeploymentPostprocessing = 0;
			shellPath = /bin/sh;
			shellScript = "diff \"${PODS_PODFILE_DIR_PATH}/Podfile.lock\" \"${PODS_ROOT}/Manifest.lock\" > /dev/null\nif [ $? != 0 ] ; then\n    # print error to STDERR\n    echo \"error: The sandbox is not in sync with the Podfile.lock. Run 'pod install' or update your CocoaPods installation.\" >&2\n    exit 1\nfi\n# This output is used by Xcode 'outputs' to avoid re-running this script phase.\necho \"SUCCESS\" > \"${SCRIPT_OUTPUT_FILE_0}\"\n";
			showEnvVarsInLog = 0;
		};
		7CC6BCECAAD57C9A6CFB7BE5 /* [CP] Embed Pods Frameworks */ = {
			isa = PBXShellScriptBuildPhase;
			buildActionMask = 2147483647;
			files = (
			);
			inputPaths = (
				"${SRCROOT}/Pods/Target Support Files/Pods-KnzkAlt/Pods-KnzkAlt-frameworks.sh",
				"${BUILT_PRODUCTS_DIR}/Alamofire/Alamofire.framework",
				"${BUILT_PRODUCTS_DIR}/Deque/Deque.framework",
				"${BUILT_PRODUCTS_DIR}/Fuzi/Fuzi.framework",
				"${BUILT_PRODUCTS_DIR}/HydraAsync/Hydra.framework",
				"${BUILT_PRODUCTS_DIR}/KeychainAccess/KeychainAccess.framework",
				"${BUILT_PRODUCTS_DIR}/Kingfisher/Kingfisher.framework",
				"${BUILT_PRODUCTS_DIR}/MastodonKit/MastodonKit.framework",
				"${BUILT_PRODUCTS_DIR}/Moya/Moya.framework",
				"${BUILT_PRODUCTS_DIR}/Realm/Realm.framework",
				"${BUILT_PRODUCTS_DIR}/RealmSwift/RealmSwift.framework",
				"${BUILT_PRODUCTS_DIR}/Result/Result.framework",
			);
			name = "[CP] Embed Pods Frameworks";
			outputPaths = (
				"${TARGET_BUILD_DIR}/${FRAMEWORKS_FOLDER_PATH}/Alamofire.framework",
				"${TARGET_BUILD_DIR}/${FRAMEWORKS_FOLDER_PATH}/Deque.framework",
				"${TARGET_BUILD_DIR}/${FRAMEWORKS_FOLDER_PATH}/Fuzi.framework",
				"${TARGET_BUILD_DIR}/${FRAMEWORKS_FOLDER_PATH}/Hydra.framework",
				"${TARGET_BUILD_DIR}/${FRAMEWORKS_FOLDER_PATH}/KeychainAccess.framework",
				"${TARGET_BUILD_DIR}/${FRAMEWORKS_FOLDER_PATH}/Kingfisher.framework",
				"${TARGET_BUILD_DIR}/${FRAMEWORKS_FOLDER_PATH}/MastodonKit.framework",
				"${TARGET_BUILD_DIR}/${FRAMEWORKS_FOLDER_PATH}/Moya.framework",
				"${TARGET_BUILD_DIR}/${FRAMEWORKS_FOLDER_PATH}/Realm.framework",
				"${TARGET_BUILD_DIR}/${FRAMEWORKS_FOLDER_PATH}/RealmSwift.framework",
				"${TARGET_BUILD_DIR}/${FRAMEWORKS_FOLDER_PATH}/Result.framework",
			);
			runOnlyForDeploymentPostprocessing = 0;
			shellPath = /bin/sh;
			shellScript = "\"${SRCROOT}/Pods/Target Support Files/Pods-KnzkAlt/Pods-KnzkAlt-frameworks.sh\"\n";
			showEnvVarsInLog = 0;
		};
		A47C29C74BF95FC3B59CE39F /* [CP] Copy Pods Resources */ = {
			isa = PBXShellScriptBuildPhase;
			buildActionMask = 2147483647;
			files = (
			);
			inputPaths = (
			);
			name = "[CP] Copy Pods Resources";
			outputPaths = (
			);
			runOnlyForDeploymentPostprocessing = 0;
			shellPath = /bin/sh;
			shellScript = "\"${SRCROOT}/Pods/Target Support Files/Pods-KnzkAlt/Pods-KnzkAlt-resources.sh\"\n";
			showEnvVarsInLog = 0;
		};
		F597D8447B6E55F9B99B462C /* [CP] Check Pods Manifest.lock */ = {
			isa = PBXShellScriptBuildPhase;
			buildActionMask = 2147483647;
			files = (
			);
			inputPaths = (
				"${PODS_PODFILE_DIR_PATH}/Podfile.lock",
				"${PODS_ROOT}/Manifest.lock",
			);
			name = "[CP] Check Pods Manifest.lock";
			outputPaths = (
				"$(DERIVED_FILE_DIR)/Pods-KnzkAltTests-checkManifestLockResult.txt",
			);
			runOnlyForDeploymentPostprocessing = 0;
			shellPath = /bin/sh;
			shellScript = "diff \"${PODS_PODFILE_DIR_PATH}/Podfile.lock\" \"${PODS_ROOT}/Manifest.lock\" > /dev/null\nif [ $? != 0 ] ; then\n    # print error to STDERR\n    echo \"error: The sandbox is not in sync with the Podfile.lock. Run 'pod install' or update your CocoaPods installation.\" >&2\n    exit 1\nfi\n# This output is used by Xcode 'outputs' to avoid re-running this script phase.\necho \"SUCCESS\" > \"${SCRIPT_OUTPUT_FILE_0}\"\n";
			showEnvVarsInLog = 0;
		};
/* End PBXShellScriptBuildPhase section */

/* Begin PBXSourcesBuildPhase section */
		1AB7975F1FA62DFF006D3265 /* Sources */ = {
			isa = PBXSourcesBuildPhase;
			buildActionMask = 2147483647;
			files = (
				1AA89DD52019832B008EC484 /* BBCodeLayoutManager.swift in Sources */,
				1AA89DF4201984C3008EC484 /* Login.swift in Sources */,
				1AB797671FA62DFF006D3265 /* AppDelegate.swift in Sources */,
				1AA89DEE20198444008EC484 /* Keychain.swift in Sources */,
				1AA89DE0201983BF008EC484 /* ClientManager.swift in Sources */,
				1AA89DE82019843B008EC484 /* HTMLStyleParser.swift in Sources */,
				1AA89DD22019832B008EC484 /* BBCodeView.swift in Sources */,
				1AA89DB920198210008EC484 /* NotificationVC.swift in Sources */,
				1AA89DEF20198444008EC484 /* HandledAttrsLogger.swift in Sources */,
				1AA89DE72019843B008EC484 /* CSSColorParser.swift in Sources */,
				1AA89DDE201983BF008EC484 /* DataSource.swift in Sources */,
				1AA89DBD20198210008EC484 /* MainVC.swift in Sources */,
				1AA89DB520198210008EC484 /* StatusDetailVC.swift in Sources */,
				1AA89DBA20198210008EC484 /* InitialVC.swift in Sources */,
				1AA89DCA20198322008EC484 /* StatusCell.swift in Sources */,
				1AA89DB420198210008EC484 /* LoginVC.swift in Sources */,
				1AA89DD32019832B008EC484 /* BBCodeLayer.swift in Sources */,
				1AA89DCC20198322008EC484 /* TimelineSwitch.swift in Sources */,
				1AA89DB720198210008EC484 /* ProfileVC.swift in Sources */,
				1AA89DBE20198210008EC484 /* MenuVC.swift in Sources */,
				1AA89DB320198210008EC484 /* AccountDetailVC.swift in Sources */,
				1AA89DBB20198210008EC484 /* TimelineNavigation.swift in Sources */,
				1AA89DF120198491008EC484 /* CustomTextAttachment.swift in Sources */,
				1AA89DE92019843B008EC484 /* HTMLClassParser.swift in Sources */,
				1AA89DD42019832B008EC484 /* BBCodeCustomAttrs.swift in Sources */,
				1AA89DB620198210008EC484 /* TimelineVC.swift in Sources */,
				1AA89DB820198210008EC484 /* TootVC.swift in Sources */,
				1AA89DED20198444008EC484 /* NibViewOwner.swift in Sources */,
				1AA89DC720198322008EC484 /* StatusContentContainerView.swift in Sources */,
				1AA89DE1201983BF008EC484 /* DataSourceTimeline.swift in Sources */,
				1AA89DC920198322008EC484 /* MediaView.swift in Sources */,
				1AA89DD62019832B008EC484 /* BBCodeCustomValue.swift in Sources */,
				C0510EB5724E95D8924D1103 /* AppNotification.swift in Sources */,
				C051013C90808EA14D21585D /* TLKind.swift in Sources */,
				C051063C8F94487D951F3992 /* LoadPosition.swift in Sources */,
				C051072FF9FAE361D97372C6 /* TLParams.swift in Sources */,
				C0510AB9760FB8BA76DD3A23 /* AppNotificationObserving.swift in Sources */,
				C05109F51D821C8DA7092C38 /* AccountService.swift in Sources */,
				C0510AB23B64D8C844A416BD /* AccountVerifyCredentialsService.swift in Sources */,
				C051066ED164A42AB6654868 /* AccountUpdateCredentialsService.swift in Sources */,
				C0510E8C11EF8C42F4C81976 /* AccountFollowersService.swift in Sources */,
				C0510E9F91C1174D4BBC36B9 /* AccountFollowingService.swift in Sources */,
				C0510933BCCBBE5DF7353F7B /* AccountEntity.swift in Sources */,
				C05106D21767405D8278F098 /* ApplicationEntity.swift in Sources */,
				C0510E59B55589701E698E3D /* AttachmentEntity.swift in Sources */,
				C0510243533088973581EB8A /* CardEntity.swift in Sources */,
				C0510E3F2F4572569C06CECE /* StatusEntity.swift in Sources */,
				C051047539A4205F8A2057F2 /* ContextEntity.swift in Sources */,
				C0510381AB5F379C67B3C346 /* EmojiEntity.swift in Sources */,
				C05103FA06FEB5826160D6F9 /* ErrorEntity.swift in Sources */,
				C0510CE0FB112AA065F154E6 /* InstanceEntity.swift in Sources */,
				C051078C8657AEAC6A0CF71F /* ListEntity.swift in Sources */,
				C05103AE36E61D30D2F9A67B /* MentionEntity.swift in Sources */,
				C0510B4A177CC7EE5AD4899C /* NotificationEntity.swift in Sources */,
				C05102DD74C1ECEED8E7A5F0 /* RelationshipEntity.swift in Sources */,
				C0510736A212DEF854ACA281 /* ReportEntity.swift in Sources */,
				C05106237B93C5EDFAE1EE75 /* ResultsEntity.swift in Sources */,
				C05100B643DB6D893B4C439D /* TagEntity.swift in Sources */,
				C0510593305FD51918636E38 /* AccountStatusesService.swift in Sources */,
			);
			runOnlyForDeploymentPostprocessing = 0;
		};
		1AB797751FA62DFF006D3265 /* Sources */ = {
			isa = PBXSourcesBuildPhase;
			buildActionMask = 2147483647;
			files = (
				1AB7977E1FA62DFF006D3265 /* KnzkAltTests.swift in Sources */,
				C05106A4B78EB97153B89723 /* AppNotification.swift in Sources */,
				C0510254A99C77FABC3E33FA /* TLKind.swift in Sources */,
				C0510BAD1599A65D9A486F1B /* LoadPosition.swift in Sources */,
				C0510559AFC5A879C211EC84 /* TLParams.swift in Sources */,
				C051090AA4B00DD5B7F7454E /* AppNotificationObserving.swift in Sources */,
				C0510E28CF65BB7B57799BFD /* AccountService.swift in Sources */,
				C05109E05F897F9D201ECCC4 /* AccountVerifyCredentialsService.swift in Sources */,
				C051055256C0780A5C82EB2C /* AccountUpdateCredentialsService.swift in Sources */,
				C0510951A2720078A005D465 /* AccountFollowersService.swift in Sources */,
				C051072D45D450DCFA2660BD /* AccountFollowingService.swift in Sources */,
				C0510D133FB0EBDE2CEABAF7 /* AccountEntity.swift in Sources */,
				C05102888197321098453456 /* ApplicationEntity.swift in Sources */,
				C05100437A968D463D85F64F /* AttachmentEntity.swift in Sources */,
				C05102F8EE2719EDF1A1FE6C /* CardEntity.swift in Sources */,
				C05104E6F70BCE319854D1D6 /* StatusEntity.swift in Sources */,
				C0510F76C13CF0A1443ED711 /* ContextEntity.swift in Sources */,
				C0510445F8777001DD6D98F0 /* EmojiEntity.swift in Sources */,
				C0510AB6AB05F5EFB5AA8C02 /* ErrorEntity.swift in Sources */,
				C05108A5D5258D16D4CA4D6E /* InstanceEntity.swift in Sources */,
				C0510D6189877E841E7C9272 /* ListEntity.swift in Sources */,
				C0510B634ACE56BB71276C23 /* MentionEntity.swift in Sources */,
				C0510641C30FD4E91C21F6AB /* NotificationEntity.swift in Sources */,
				C05108220F60422D85117716 /* RelationshipEntity.swift in Sources */,
				C0510398E7A1C9FC0648B8DA /* ReportEntity.swift in Sources */,
				C05101F0DB646DCD709EB26F /* ResultsEntity.swift in Sources */,
				C05104605270A2FD0D668298 /* TagEntity.swift in Sources */,
				C0510D03EC60E7140F65D5DD /* AccountStatusesService.swift in Sources */,
			);
			runOnlyForDeploymentPostprocessing = 0;
		};
/* End PBXSourcesBuildPhase section */

/* Begin PBXTargetDependency section */
		1AB7977B1FA62DFF006D3265 /* PBXTargetDependency */ = {
			isa = PBXTargetDependency;
			target = 1AB797621FA62DFF006D3265 /* KnzkAlt */;
			targetProxy = 1AB7977A1FA62DFF006D3265 /* PBXContainerItemProxy */;
		};
/* End PBXTargetDependency section */

/* Begin PBXVariantGroup section */
		1AB7976C1FA62DFF006D3265 /* Main.storyboard */ = {
			isa = PBXVariantGroup;
			children = (
				1AB7976D1FA62DFF006D3265 /* Base */,
			);
			name = Main.storyboard;
			sourceTree = "<group>";
		};
		1AB797711FA62DFF006D3265 /* LaunchScreen.storyboard */ = {
			isa = PBXVariantGroup;
			children = (
				1AB797721FA62DFF006D3265 /* Base */,
			);
			name = LaunchScreen.storyboard;
			sourceTree = "<group>";
		};
/* End PBXVariantGroup section */

/* Begin XCBuildConfiguration section */
		1AB797801FA62DFF006D3265 /* Debug */ = {
			isa = XCBuildConfiguration;
			buildSettings = {
				ALWAYS_SEARCH_USER_PATHS = NO;
				CLANG_ANALYZER_NONNULL = YES;
				CLANG_ANALYZER_NUMBER_OBJECT_CONVERSION = YES_AGGRESSIVE;
				CLANG_CXX_LANGUAGE_STANDARD = "gnu++14";
				CLANG_CXX_LIBRARY = "libc++";
				CLANG_ENABLE_MODULES = YES;
				CLANG_ENABLE_OBJC_ARC = YES;
				CLANG_WARN_BLOCK_CAPTURE_AUTORELEASING = YES;
				CLANG_WARN_BOOL_CONVERSION = YES;
				CLANG_WARN_COMMA = YES;
				CLANG_WARN_CONSTANT_CONVERSION = YES;
				CLANG_WARN_DEPRECATED_OBJC_IMPLEMENTATIONS = YES;
				CLANG_WARN_DIRECT_OBJC_ISA_USAGE = YES_ERROR;
				CLANG_WARN_DOCUMENTATION_COMMENTS = YES;
				CLANG_WARN_EMPTY_BODY = YES;
				CLANG_WARN_ENUM_CONVERSION = YES;
				CLANG_WARN_INFINITE_RECURSION = YES;
				CLANG_WARN_INT_CONVERSION = YES;
				CLANG_WARN_NON_LITERAL_NULL_CONVERSION = YES;
				CLANG_WARN_OBJC_IMPLICIT_RETAIN_SELF = YES;
				CLANG_WARN_OBJC_LITERAL_CONVERSION = YES;
				CLANG_WARN_OBJC_ROOT_CLASS = YES_ERROR;
				CLANG_WARN_RANGE_LOOP_ANALYSIS = YES;
				CLANG_WARN_STRICT_PROTOTYPES = YES;
				CLANG_WARN_SUSPICIOUS_MOVE = YES;
				CLANG_WARN_UNGUARDED_AVAILABILITY = YES_AGGRESSIVE;
				CLANG_WARN_UNREACHABLE_CODE = YES;
				CLANG_WARN__DUPLICATE_METHOD_MATCH = YES;
				CODE_SIGN_IDENTITY = "iPhone Developer";
				COPY_PHASE_STRIP = NO;
				DEBUG_INFORMATION_FORMAT = dwarf;
				ENABLE_STRICT_OBJC_MSGSEND = YES;
				ENABLE_TESTABILITY = YES;
				GCC_C_LANGUAGE_STANDARD = gnu11;
				GCC_DYNAMIC_NO_PIC = NO;
				GCC_NO_COMMON_BLOCKS = YES;
				GCC_OPTIMIZATION_LEVEL = 0;
				GCC_PREPROCESSOR_DEFINITIONS = (
					"DEBUG=1",
					"$(inherited)",
				);
				GCC_WARN_64_TO_32_BIT_CONVERSION = YES;
				GCC_WARN_ABOUT_RETURN_TYPE = YES_ERROR;
				GCC_WARN_UNDECLARED_SELECTOR = YES;
				GCC_WARN_UNINITIALIZED_AUTOS = YES_AGGRESSIVE;
				GCC_WARN_UNUSED_FUNCTION = YES;
				GCC_WARN_UNUSED_VARIABLE = YES;
				IPHONEOS_DEPLOYMENT_TARGET = 11.3;
				MTL_ENABLE_DEBUG_INFO = YES;
				ONLY_ACTIVE_ARCH = YES;
				SDKROOT = iphoneos;
				SWIFT_ACTIVE_COMPILATION_CONDITIONS = DEBUG;
				SWIFT_OPTIMIZATION_LEVEL = "-Onone";
			};
			name = Debug;
		};
		1AB797811FA62DFF006D3265 /* Release */ = {
			isa = XCBuildConfiguration;
			buildSettings = {
				ALWAYS_SEARCH_USER_PATHS = NO;
				CLANG_ANALYZER_NONNULL = YES;
				CLANG_ANALYZER_NUMBER_OBJECT_CONVERSION = YES_AGGRESSIVE;
				CLANG_CXX_LANGUAGE_STANDARD = "gnu++14";
				CLANG_CXX_LIBRARY = "libc++";
				CLANG_ENABLE_MODULES = YES;
				CLANG_ENABLE_OBJC_ARC = YES;
				CLANG_WARN_BLOCK_CAPTURE_AUTORELEASING = YES;
				CLANG_WARN_BOOL_CONVERSION = YES;
				CLANG_WARN_COMMA = YES;
				CLANG_WARN_CONSTANT_CONVERSION = YES;
				CLANG_WARN_DEPRECATED_OBJC_IMPLEMENTATIONS = YES;
				CLANG_WARN_DIRECT_OBJC_ISA_USAGE = YES_ERROR;
				CLANG_WARN_DOCUMENTATION_COMMENTS = YES;
				CLANG_WARN_EMPTY_BODY = YES;
				CLANG_WARN_ENUM_CONVERSION = YES;
				CLANG_WARN_INFINITE_RECURSION = YES;
				CLANG_WARN_INT_CONVERSION = YES;
				CLANG_WARN_NON_LITERAL_NULL_CONVERSION = YES;
				CLANG_WARN_OBJC_IMPLICIT_RETAIN_SELF = YES;
				CLANG_WARN_OBJC_LITERAL_CONVERSION = YES;
				CLANG_WARN_OBJC_ROOT_CLASS = YES_ERROR;
				CLANG_WARN_RANGE_LOOP_ANALYSIS = YES;
				CLANG_WARN_STRICT_PROTOTYPES = YES;
				CLANG_WARN_SUSPICIOUS_MOVE = YES;
				CLANG_WARN_UNGUARDED_AVAILABILITY = YES_AGGRESSIVE;
				CLANG_WARN_UNREACHABLE_CODE = YES;
				CLANG_WARN__DUPLICATE_METHOD_MATCH = YES;
				CODE_SIGN_IDENTITY = "iPhone Developer";
				COPY_PHASE_STRIP = NO;
				DEBUG_INFORMATION_FORMAT = "dwarf-with-dsym";
				ENABLE_NS_ASSERTIONS = NO;
				ENABLE_STRICT_OBJC_MSGSEND = YES;
				GCC_C_LANGUAGE_STANDARD = gnu11;
				GCC_NO_COMMON_BLOCKS = YES;
				GCC_WARN_64_TO_32_BIT_CONVERSION = YES;
				GCC_WARN_ABOUT_RETURN_TYPE = YES_ERROR;
				GCC_WARN_UNDECLARED_SELECTOR = YES;
				GCC_WARN_UNINITIALIZED_AUTOS = YES_AGGRESSIVE;
				GCC_WARN_UNUSED_FUNCTION = YES;
				GCC_WARN_UNUSED_VARIABLE = YES;
				IPHONEOS_DEPLOYMENT_TARGET = 11.3;
				MTL_ENABLE_DEBUG_INFO = NO;
				SDKROOT = iphoneos;
				SWIFT_OPTIMIZATION_LEVEL = "-Owholemodule";
				VALIDATE_PRODUCT = YES;
			};
			name = Release;
		};
		1AB797831FA62DFF006D3265 /* Debug */ = {
			isa = XCBuildConfiguration;
			baseConfigurationReference = 68F7CE2B21DB47D38273C790 /* Pods-KnzkAlt.debug.xcconfig */;
			buildSettings = {
				ASSETCATALOG_COMPILER_APPICON_NAME = AppIcon;
				CODE_SIGN_STYLE = Automatic;
				DEVELOPMENT_TEAM = UHH463TU7S;
				FRAMEWORK_SEARCH_PATHS = "$(inherited)";
				INFOPLIST_FILE = KnzkAlt/Info.plist;
				LD_RUNPATH_SEARCH_PATHS = "$(inherited) @executable_path/Frameworks";
				PRODUCT_BUNDLE_IDENTIFIER = com.atcurio.KnzkAlt;
				PRODUCT_NAME = "$(TARGET_NAME)";
				SWIFT_VERSION = 4.0;
				TARGETED_DEVICE_FAMILY = "1,2";
			};
			name = Debug;
		};
		1AB797841FA62DFF006D3265 /* Release */ = {
			isa = XCBuildConfiguration;
			baseConfigurationReference = 84E76E508630EC371A50FC55 /* Pods-KnzkAlt.release.xcconfig */;
			buildSettings = {
				ASSETCATALOG_COMPILER_APPICON_NAME = AppIcon;
				CODE_SIGN_STYLE = Automatic;
				DEVELOPMENT_TEAM = UHH463TU7S;
				FRAMEWORK_SEARCH_PATHS = "$(inherited)";
				INFOPLIST_FILE = KnzkAlt/Info.plist;
				LD_RUNPATH_SEARCH_PATHS = "$(inherited) @executable_path/Frameworks";
				PRODUCT_BUNDLE_IDENTIFIER = com.atcurio.KnzkAlt;
				PRODUCT_NAME = "$(TARGET_NAME)";
				SWIFT_VERSION = 4.0;
				TARGETED_DEVICE_FAMILY = "1,2";
			};
			name = Release;
		};
		1AB797861FA62DFF006D3265 /* Debug */ = {
			isa = XCBuildConfiguration;
			baseConfigurationReference = F06C2904928D68E63D1D7B8D /* Pods-KnzkAltTests.debug.xcconfig */;
			buildSettings = {
				ALWAYS_EMBED_SWIFT_STANDARD_LIBRARIES = YES;
				BUNDLE_LOADER = "$(TEST_HOST)";
				CODE_SIGN_STYLE = Automatic;
				DEVELOPMENT_TEAM = UHH463TU7S;
				FRAMEWORK_SEARCH_PATHS = (
					"$(inherited)",
					"\"$PODS_CONFIGURATION_BUILD_DIR/HydraAsync\"",
					"\"$PODS_CONFIGURATION_BUILD_DIR/KeychainAccess\"",
					"\"$PODS_CONFIGURATION_BUILD_DIR/Result\"",
				);
				INFOPLIST_FILE = KnzkAltTests/Info.plist;
				LD_RUNPATH_SEARCH_PATHS = "$(inherited) @executable_path/Frameworks @loader_path/Frameworks";
				PRODUCT_BUNDLE_IDENTIFIER = com.atcurio.KnzkAltTests;
				PRODUCT_NAME = "$(TARGET_NAME)";
				SWIFT_VERSION = 4.0;
				TARGETED_DEVICE_FAMILY = "1,2";
				TEST_HOST = "$(BUILT_PRODUCTS_DIR)/KnzkAlt.app/KnzkAlt";
			};
			name = Debug;
		};
		1AB797871FA62DFF006D3265 /* Release */ = {
			isa = XCBuildConfiguration;
			baseConfigurationReference = 496990F56DE34F568C25DCBD /* Pods-KnzkAltTests.release.xcconfig */;
			buildSettings = {
				ALWAYS_EMBED_SWIFT_STANDARD_LIBRARIES = YES;
				BUNDLE_LOADER = "$(TEST_HOST)";
				CODE_SIGN_STYLE = Automatic;
				DEVELOPMENT_TEAM = UHH463TU7S;
				FRAMEWORK_SEARCH_PATHS = (
					"$(inherited)",
					"\"$PODS_CONFIGURATION_BUILD_DIR/HydraAsync\"",
					"\"$PODS_CONFIGURATION_BUILD_DIR/KeychainAccess\"",
					"\"$PODS_CONFIGURATION_BUILD_DIR/Result\"",
				);
				INFOPLIST_FILE = KnzkAltTests/Info.plist;
				LD_RUNPATH_SEARCH_PATHS = "$(inherited) @executable_path/Frameworks @loader_path/Frameworks";
				PRODUCT_BUNDLE_IDENTIFIER = com.atcurio.KnzkAltTests;
				PRODUCT_NAME = "$(TARGET_NAME)";
				SWIFT_VERSION = 4.0;
				TARGETED_DEVICE_FAMILY = "1,2";
				TEST_HOST = "$(BUILT_PRODUCTS_DIR)/KnzkAlt.app/KnzkAlt";
			};
			name = Release;
		};
/* End XCBuildConfiguration section */

/* Begin XCConfigurationList section */
		1AB7975E1FA62DFF006D3265 /* Build configuration list for PBXProject "KnzkAlt" */ = {
			isa = XCConfigurationList;
			buildConfigurations = (
				1AB797801FA62DFF006D3265 /* Debug */,
				1AB797811FA62DFF006D3265 /* Release */,
			);
			defaultConfigurationIsVisible = 0;
			defaultConfigurationName = Release;
		};
		1AB797821FA62DFF006D3265 /* Build configuration list for PBXNativeTarget "KnzkAlt" */ = {
			isa = XCConfigurationList;
			buildConfigurations = (
				1AB797831FA62DFF006D3265 /* Debug */,
				1AB797841FA62DFF006D3265 /* Release */,
			);
			defaultConfigurationIsVisible = 0;
			defaultConfigurationName = Release;
		};
		1AB797851FA62DFF006D3265 /* Build configuration list for PBXNativeTarget "KnzkAltTests" */ = {
			isa = XCConfigurationList;
			buildConfigurations = (
				1AB797861FA62DFF006D3265 /* Debug */,
				1AB797871FA62DFF006D3265 /* Release */,
			);
			defaultConfigurationIsVisible = 0;
			defaultConfigurationName = Release;
		};
/* End XCConfigurationList section */
	};
	rootObject = 1AB7975B1FA62DFF006D3265 /* Project object */;
}
