// !$*UTF8*$!
{
	archiveVersion = 1;
	classes = {
	};
	objectVersion = 48;
	objects = {

/* Begin PBXBuildFile section */
		1A5696C11FB4962400BC82DC /* MastodonKit.framework in Frameworks */ = {isa = PBXBuildFile; fileRef = 1A5696C21FB4962400BC82DC /* MastodonKit.framework */; };
		1A5696C31FB497B800BC82DC /* MastodonKit.framework in Frameworks */ = {isa = PBXBuildFile; fileRef = 1A5696BD1FB4937100BC82DC /* MastodonKit.framework */; };
		1A5696C41FB497B800BC82DC /* MastodonKit.framework in Embed Frameworks */ = {isa = PBXBuildFile; fileRef = 1A5696BD1FB4937100BC82DC /* MastodonKit.framework */; settings = {ATTRIBUTES = (CodeSignOnCopy, RemoveHeadersOnCopy, ); }; };
		1AAB136A1FB370C100844F51 /* Login.swift in Sources */ = {isa = PBXBuildFile; fileRef = 1AAB13691FB370C100844F51 /* Login.swift */; };
		1AAB136B1FB370C100844F51 /* Login.swift in Sources */ = {isa = PBXBuildFile; fileRef = 1AAB13691FB370C100844F51 /* Login.swift */; };
		1AAB136D1FB41DA300844F51 /* MainVC.swift in Sources */ = {isa = PBXBuildFile; fileRef = 1AAB136C1FB41DA300844F51 /* MainVC.swift */; };
		1AAB136E1FB41DA300844F51 /* MainVC.swift in Sources */ = {isa = PBXBuildFile; fileRef = 1AAB136C1FB41DA300844F51 /* MainVC.swift */; };
		1AB797671FA62DFF006D3265 /* AppDelegate.swift in Sources */ = {isa = PBXBuildFile; fileRef = 1AB797661FA62DFF006D3265 /* AppDelegate.swift */; };
		1AB797691FA62DFF006D3265 /* HomeVC.swift in Sources */ = {isa = PBXBuildFile; fileRef = 1AB797681FA62DFF006D3265 /* HomeVC.swift */; };
		1AB7976B1FA62DFF006D3265 /* NotificationVC.swift in Sources */ = {isa = PBXBuildFile; fileRef = 1AB7976A1FA62DFF006D3265 /* NotificationVC.swift */; };
		1AB7976E1FA62DFF006D3265 /* Main.storyboard in Resources */ = {isa = PBXBuildFile; fileRef = 1AB7976C1FA62DFF006D3265 /* Main.storyboard */; };
		1AB797701FA62DFF006D3265 /* Assets.xcassets in Resources */ = {isa = PBXBuildFile; fileRef = 1AB7976F1FA62DFF006D3265 /* Assets.xcassets */; };
		1AB797731FA62DFF006D3265 /* LaunchScreen.storyboard in Resources */ = {isa = PBXBuildFile; fileRef = 1AB797711FA62DFF006D3265 /* LaunchScreen.storyboard */; };
		1AB7977E1FA62DFF006D3265 /* KnzkAltTests.swift in Sources */ = {isa = PBXBuildFile; fileRef = 1AB7977D1FA62DFF006D3265 /* KnzkAltTests.swift */; };
		1AB797891FA63C7A006D3265 /* TootVC.swift in Sources */ = {isa = PBXBuildFile; fileRef = 1AB797881FA63C7A006D3265 /* TootVC.swift */; };
		1AB7978A1FA63C7A006D3265 /* TootVC.swift in Sources */ = {isa = PBXBuildFile; fileRef = 1AB797881FA63C7A006D3265 /* TootVC.swift */; };
		1AB7978C1FA63CC4006D3265 /* ProfileVC.swift in Sources */ = {isa = PBXBuildFile; fileRef = 1AB7978B1FA63CC4006D3265 /* ProfileVC.swift */; };
		1AB7978D1FA63CC4006D3265 /* ProfileVC.swift in Sources */ = {isa = PBXBuildFile; fileRef = 1AB7978B1FA63CC4006D3265 /* ProfileVC.swift */; };
		1AB7978F1FA63CEB006D3265 /* MenuVC.swift in Sources */ = {isa = PBXBuildFile; fileRef = 1AB7978E1FA63CEB006D3265 /* MenuVC.swift */; };
		1AB797901FA63CEB006D3265 /* MenuVC.swift in Sources */ = {isa = PBXBuildFile; fileRef = 1AB7978E1FA63CEB006D3265 /* MenuVC.swift */; };
		1AB797921FA64112006D3265 /* InitialVC.swift in Sources */ = {isa = PBXBuildFile; fileRef = 1AB797911FA64112006D3265 /* InitialVC.swift */; };
		1AB797931FA64112006D3265 /* InitialVC.swift in Sources */ = {isa = PBXBuildFile; fileRef = 1AB797911FA64112006D3265 /* InitialVC.swift */; };
		1AB797951FA641DE006D3265 /* LoginVC.swift in Sources */ = {isa = PBXBuildFile; fileRef = 1AB797941FA641DE006D3265 /* LoginVC.swift */; };
		1AB797961FA641DE006D3265 /* LoginVC.swift in Sources */ = {isa = PBXBuildFile; fileRef = 1AB797941FA641DE006D3265 /* LoginVC.swift */; };
		3F557620A6190728E09C6B1B /* Pods_KnzkAltTests.framework in Frameworks */ = {isa = PBXBuildFile; fileRef = 1441A9221CCB3CD160F614DA /* Pods_KnzkAltTests.framework */; };
		9AD8BDA67D0C7E0146BDA5F9 /* Pods_KnzkAlt.framework in Frameworks */ = {isa = PBXBuildFile; fileRef = 92B3B098B3DC0D2CC7E8217B /* Pods_KnzkAlt.framework */; };
		C051037F9E1245BEEEAB1899 /* Notification.swift in Sources */ = {isa = PBXBuildFile; fileRef = C0510C0073874BEF0B4E8C82 /* Notification.swift */; };
		C05103F14ADA0FC3831832C1 /* Notification.swift in Sources */ = {isa = PBXBuildFile; fileRef = C0510C0073874BEF0B4E8C82 /* Notification.swift */; };
		C0510507594D146212174682 /* Keychain.swift in Sources */ = {isa = PBXBuildFile; fileRef = C051012FF1FBD602C5FBD0F4 /* Keychain.swift */; };
		C051052BB3E9E30B8C8FED8D /* Keychain.swift in Sources */ = {isa = PBXBuildFile; fileRef = C051012FF1FBD602C5FBD0F4 /* Keychain.swift */; };
/* End PBXBuildFile section */

/* Begin PBXContainerItemProxy section */
		1AB7977A1FA62DFF006D3265 /* PBXContainerItemProxy */ = {
			isa = PBXContainerItemProxy;
			containerPortal = 1AB7975B1FA62DFF006D3265 /* Project object */;
			proxyType = 1;
			remoteGlobalIDString = 1AB797621FA62DFF006D3265;
			remoteInfo = KnzkAlt;
		};
/* End PBXContainerItemProxy section */

/* Begin PBXCopyFilesBuildPhase section */
		1A5696C51FB497B800BC82DC /* Embed Frameworks */ = {
			isa = PBXCopyFilesBuildPhase;
			buildActionMask = 2147483647;
			dstPath = "";
			dstSubfolderSpec = 10;
			files = (
				1A5696C41FB497B800BC82DC /* MastodonKit.framework in Embed Frameworks */,
			);
			name = "Embed Frameworks";
			runOnlyForDeploymentPostprocessing = 0;
		};
/* End PBXCopyFilesBuildPhase section */

/* Begin PBXFileReference section */
		1441A9221CCB3CD160F614DA /* Pods_KnzkAltTests.framework */ = {isa = PBXFileReference; explicitFileType = wrapper.framework; includeInIndex = 0; path = Pods_KnzkAltTests.framework; sourceTree = BUILT_PRODUCTS_DIR; };
		1A5696BD1FB4937100BC82DC /* MastodonKit.framework */ = {isa = PBXFileReference; lastKnownFileType = wrapper.framework; name = MastodonKit.framework; path = Carthage/Build/iOS/MastodonKit.framework; sourceTree = "<group>"; };
		1A5696C21FB4962400BC82DC /* MastodonKit.framework */ = {isa = PBXFileReference; explicitFileType = wrapper.framework; path = MastodonKit.framework; sourceTree = BUILT_PRODUCTS_DIR; };
		1AAB13691FB370C100844F51 /* Login.swift */ = {isa = PBXFileReference; lastKnownFileType = sourcecode.swift; path = Login.swift; sourceTree = "<group>"; };
		1AAB136C1FB41DA300844F51 /* MainVC.swift */ = {isa = PBXFileReference; lastKnownFileType = sourcecode.swift; path = MainVC.swift; sourceTree = "<group>"; };
		1AB797631FA62DFF006D3265 /* KnzkAlt.app */ = {isa = PBXFileReference; explicitFileType = wrapper.application; includeInIndex = 0; path = KnzkAlt.app; sourceTree = BUILT_PRODUCTS_DIR; };
		1AB797661FA62DFF006D3265 /* AppDelegate.swift */ = {isa = PBXFileReference; lastKnownFileType = sourcecode.swift; path = AppDelegate.swift; sourceTree = "<group>"; };
		1AB797681FA62DFF006D3265 /* HomeVC.swift */ = {isa = PBXFileReference; lastKnownFileType = sourcecode.swift; path = HomeVC.swift; sourceTree = "<group>"; };
		1AB7976A1FA62DFF006D3265 /* NotificationVC.swift */ = {isa = PBXFileReference; lastKnownFileType = sourcecode.swift; path = NotificationVC.swift; sourceTree = "<group>"; };
		1AB7976D1FA62DFF006D3265 /* Base */ = {isa = PBXFileReference; lastKnownFileType = file.storyboard; name = Base; path = Base.lproj/Main.storyboard; sourceTree = "<group>"; };
		1AB7976F1FA62DFF006D3265 /* Assets.xcassets */ = {isa = PBXFileReference; lastKnownFileType = folder.assetcatalog; path = Assets.xcassets; sourceTree = "<group>"; };
		1AB797721FA62DFF006D3265 /* Base */ = {isa = PBXFileReference; lastKnownFileType = file.storyboard; name = Base; path = Base.lproj/LaunchScreen.storyboard; sourceTree = "<group>"; };
		1AB797741FA62DFF006D3265 /* Info.plist */ = {isa = PBXFileReference; lastKnownFileType = text.plist.xml; path = Info.plist; sourceTree = "<group>"; };
		1AB797791FA62DFF006D3265 /* KnzkAltTests.xctest */ = {isa = PBXFileReference; explicitFileType = wrapper.cfbundle; includeInIndex = 0; path = KnzkAltTests.xctest; sourceTree = BUILT_PRODUCTS_DIR; };
		1AB7977D1FA62DFF006D3265 /* KnzkAltTests.swift */ = {isa = PBXFileReference; lastKnownFileType = sourcecode.swift; path = KnzkAltTests.swift; sourceTree = "<group>"; };
		1AB7977F1FA62DFF006D3265 /* Info.plist */ = {isa = PBXFileReference; lastKnownFileType = text.plist.xml; path = Info.plist; sourceTree = "<group>"; };
		1AB797881FA63C7A006D3265 /* TootVC.swift */ = {isa = PBXFileReference; lastKnownFileType = sourcecode.swift; path = TootVC.swift; sourceTree = "<group>"; };
		1AB7978B1FA63CC4006D3265 /* ProfileVC.swift */ = {isa = PBXFileReference; lastKnownFileType = sourcecode.swift; path = ProfileVC.swift; sourceTree = "<group>"; };
		1AB7978E1FA63CEB006D3265 /* MenuVC.swift */ = {isa = PBXFileReference; lastKnownFileType = sourcecode.swift; path = MenuVC.swift; sourceTree = "<group>"; };
		1AB797911FA64112006D3265 /* InitialVC.swift */ = {isa = PBXFileReference; lastKnownFileType = sourcecode.swift; path = InitialVC.swift; sourceTree = "<group>"; };
		1AB797941FA641DE006D3265 /* LoginVC.swift */ = {isa = PBXFileReference; lastKnownFileType = sourcecode.swift; path = LoginVC.swift; sourceTree = "<group>"; };
		8345777460A049931A822898 /* Pods-KnzkAlt.debug.xcconfig */ = {isa = PBXFileReference; includeInIndex = 1; lastKnownFileType = text.xcconfig; name = "Pods-KnzkAlt.debug.xcconfig"; path = "Pods/Target Support Files/Pods-KnzkAlt/Pods-KnzkAlt.debug.xcconfig"; sourceTree = "<group>"; };
		92B3B098B3DC0D2CC7E8217B /* Pods_KnzkAlt.framework */ = {isa = PBXFileReference; explicitFileType = wrapper.framework; includeInIndex = 0; path = Pods_KnzkAlt.framework; sourceTree = BUILT_PRODUCTS_DIR; };
		A6D9B3DB25218238497DA448 /* Pods-KnzkAltTests.debug.xcconfig */ = {isa = PBXFileReference; includeInIndex = 1; lastKnownFileType = text.xcconfig; name = "Pods-KnzkAltTests.debug.xcconfig"; path = "Pods/Target Support Files/Pods-KnzkAltTests/Pods-KnzkAltTests.debug.xcconfig"; sourceTree = "<group>"; };
		C051012FF1FBD602C5FBD0F4 /* Keychain.swift */ = {isa = PBXFileReference; fileEncoding = 4; lastKnownFileType = sourcecode.swift; path = Keychain.swift; sourceTree = "<group>"; };
		C0510C0073874BEF0B4E8C82 /* Notification.swift */ = {isa = PBXFileReference; fileEncoding = 4; lastKnownFileType = sourcecode.swift; path = Notification.swift; sourceTree = "<group>"; };
		EECF72E7564B24B31527EAD4 /* Pods-KnzkAlt.release.xcconfig */ = {isa = PBXFileReference; includeInIndex = 1; lastKnownFileType = text.xcconfig; name = "Pods-KnzkAlt.release.xcconfig"; path = "Pods/Target Support Files/Pods-KnzkAlt/Pods-KnzkAlt.release.xcconfig"; sourceTree = "<group>"; };
		F990127F00E99EEB06FA4F22 /* Pods-KnzkAltTests.release.xcconfig */ = {isa = PBXFileReference; includeInIndex = 1; lastKnownFileType = text.xcconfig; name = "Pods-KnzkAltTests.release.xcconfig"; path = "Pods/Target Support Files/Pods-KnzkAltTests/Pods-KnzkAltTests.release.xcconfig"; sourceTree = "<group>"; };
/* End PBXFileReference section */

/* Begin PBXFrameworksBuildPhase section */
		1AB797601FA62DFF006D3265 /* Frameworks */ = {
			isa = PBXFrameworksBuildPhase;
			buildActionMask = 2147483647;
			files = (
				1A5696C31FB497B800BC82DC /* MastodonKit.framework in Frameworks */,
				9AD8BDA67D0C7E0146BDA5F9 /* Pods_KnzkAlt.framework in Frameworks */,
			);
			runOnlyForDeploymentPostprocessing = 0;
		};
		1AB797761FA62DFF006D3265 /* Frameworks */ = {
			isa = PBXFrameworksBuildPhase;
			buildActionMask = 2147483647;
			files = (
				1A5696C11FB4962400BC82DC /* MastodonKit.framework in Frameworks */,
				3F557620A6190728E09C6B1B /* Pods_KnzkAltTests.framework in Frameworks */,
			);
			runOnlyForDeploymentPostprocessing = 0;
		};
/* End PBXFrameworksBuildPhase section */

/* Begin PBXGroup section */
		1AB7975A1FA62DFF006D3265 = {
			isa = PBXGroup;
			children = (
				1AB797651FA62DFF006D3265 /* KnzkAlt */,
				1AB7977C1FA62DFF006D3265 /* KnzkAltTests */,
				1AB797641FA62DFF006D3265 /* Products */,
				582748E5D8CFF5832DCC89AD /* Pods */,
				2AAE723F0C521CE2B966660E /* Frameworks */,
			);
			sourceTree = "<group>";
		};
		1AB797641FA62DFF006D3265 /* Products */ = {
			isa = PBXGroup;
			children = (
				1AB797631FA62DFF006D3265 /* KnzkAlt.app */,
				1AB797791FA62DFF006D3265 /* KnzkAltTests.xctest */,
			);
			name = Products;
			sourceTree = "<group>";
		};
		1AB797651FA62DFF006D3265 /* KnzkAlt */ = {
			isa = PBXGroup;
			children = (
				1AB797741FA62DFF006D3265 /* Info.plist */,
				1AB797661FA62DFF006D3265 /* AppDelegate.swift */,
				1AB797681FA62DFF006D3265 /* HomeVC.swift */,
				1AB797911FA64112006D3265 /* InitialVC.swift */,
				1AAB13691FB370C100844F51 /* Login.swift */,
				1AB797941FA641DE006D3265 /* LoginVC.swift */,
				1AAB136C1FB41DA300844F51 /* MainVC.swift */,
				1AB7978E1FA63CEB006D3265 /* MenuVC.swift */,
				1AB7976A1FA62DFF006D3265 /* NotificationVC.swift */,
				1AB7978B1FA63CC4006D3265 /* ProfileVC.swift */,
				1AB797881FA63C7A006D3265 /* TootVC.swift */,
				1AB7976F1FA62DFF006D3265 /* Assets.xcassets */,
				1AB797711FA62DFF006D3265 /* LaunchScreen.storyboard */,
				1AB7976C1FA62DFF006D3265 /* Main.storyboard */,
				C051012FF1FBD602C5FBD0F4 /* Keychain.swift */,
				C0510C0073874BEF0B4E8C82 /* Notification.swift */,
			);
			path = KnzkAlt;
			sourceTree = "<group>";
		};
		1AB7977C1FA62DFF006D3265 /* KnzkAltTests */ = {
			isa = PBXGroup;
			children = (
				1AB7977D1FA62DFF006D3265 /* KnzkAltTests.swift */,
				1AB7977F1FA62DFF006D3265 /* Info.plist */,
			);
			path = KnzkAltTests;
			sourceTree = "<group>";
		};
		2AAE723F0C521CE2B966660E /* Frameworks */ = {
			isa = PBXGroup;
			children = (
				1A5696C21FB4962400BC82DC /* MastodonKit.framework */,
				1A5696BD1FB4937100BC82DC /* MastodonKit.framework */,
				92B3B098B3DC0D2CC7E8217B /* Pods_KnzkAlt.framework */,
				1441A9221CCB3CD160F614DA /* Pods_KnzkAltTests.framework */,
			);
			name = Frameworks;
			sourceTree = "<group>";
		};
		582748E5D8CFF5832DCC89AD /* Pods */ = {
			isa = PBXGroup;
			children = (
				8345777460A049931A822898 /* Pods-KnzkAlt.debug.xcconfig */,
				EECF72E7564B24B31527EAD4 /* Pods-KnzkAlt.release.xcconfig */,
				A6D9B3DB25218238497DA448 /* Pods-KnzkAltTests.debug.xcconfig */,
				F990127F00E99EEB06FA4F22 /* Pods-KnzkAltTests.release.xcconfig */,
			);
			name = Pods;
			sourceTree = "<group>";
		};
/* End PBXGroup section */

/* Begin PBXNativeTarget section */
		1AB797621FA62DFF006D3265 /* KnzkAlt */ = {
			isa = PBXNativeTarget;
			buildConfigurationList = 1AB797821FA62DFF006D3265 /* Build configuration list for PBXNativeTarget "KnzkAlt" */;
			buildPhases = (
				C6AF08C712D3DA22584C1509 /* [CP] Check Pods Manifest.lock */,
				1AB7975F1FA62DFF006D3265 /* Sources */,
				1AB797601FA62DFF006D3265 /* Frameworks */,
				1AB797611FA62DFF006D3265 /* Resources */,
				A9C137E8C1F1666CAFF62A65 /* [CP] Embed Pods Frameworks */,
				EFFB3DBBAD0F928A55F51BCE /* [CP] Copy Pods Resources */,
				1A5696BF1FB493AB00BC82DC /* ShellScript */,
				1A5696C51FB497B800BC82DC /* Embed Frameworks */,
			);
			buildRules = (
			);
			dependencies = (
			);
			name = KnzkAlt;
			productName = KnzkAlt;
			productReference = 1AB797631FA62DFF006D3265 /* KnzkAlt.app */;
			productType = "com.apple.product-type.application";
		};
		1AB797781FA62DFF006D3265 /* KnzkAltTests */ = {
			isa = PBXNativeTarget;
			buildConfigurationList = 1AB797851FA62DFF006D3265 /* Build configuration list for PBXNativeTarget "KnzkAltTests" */;
			buildPhases = (
				28184C1383645325228B5D9A /* [CP] Check Pods Manifest.lock */,
				1AB797751FA62DFF006D3265 /* Sources */,
				1AB797761FA62DFF006D3265 /* Frameworks */,
				1AB797771FA62DFF006D3265 /* Resources */,
				03C444560CCACB6B2D9A1853 /* [CP] Embed Pods Frameworks */,
				924AC09F4EE68C3B59AD7C4B /* [CP] Copy Pods Resources */,
				1A5696C01FB4948100BC82DC /* ShellScript */,
			);
			buildRules = (
			);
			dependencies = (
				1AB7977B1FA62DFF006D3265 /* PBXTargetDependency */,
			);
			name = KnzkAltTests;
			productName = KnzkAltTests;
			productReference = 1AB797791FA62DFF006D3265 /* KnzkAltTests.xctest */;
			productType = "com.apple.product-type.bundle.unit-test";
		};
/* End PBXNativeTarget section */

/* Begin PBXProject section */
		1AB7975B1FA62DFF006D3265 /* Project object */ = {
			isa = PBXProject;
			attributes = {
				LastSwiftUpdateCheck = 0900;
				LastUpgradeCheck = 0900;
				ORGANIZATIONNAME = AtCurio;
				TargetAttributes = {
					1AB797621FA62DFF006D3265 = {
						CreatedOnToolsVersion = 9.0.1;
						ProvisioningStyle = Automatic;
					};
					1AB797781FA62DFF006D3265 = {
						CreatedOnToolsVersion = 9.0.1;
						ProvisioningStyle = Automatic;
						TestTargetID = 1AB797621FA62DFF006D3265;
					};
				};
			};
			buildConfigurationList = 1AB7975E1FA62DFF006D3265 /* Build configuration list for PBXProject "KnzkAlt" */;
			compatibilityVersion = "Xcode 8.0";
			developmentRegion = en;
			hasScannedForEncodings = 0;
			knownRegions = (
				en,
				Base,
			);
			mainGroup = 1AB7975A1FA62DFF006D3265;
			productRefGroup = 1AB797641FA62DFF006D3265 /* Products */;
			projectDirPath = "";
			projectRoot = "";
			targets = (
				1AB797621FA62DFF006D3265 /* KnzkAlt */,
				1AB797781FA62DFF006D3265 /* KnzkAltTests */,
			);
		};
/* End PBXProject section */

/* Begin PBXResourcesBuildPhase section */
		1AB797611FA62DFF006D3265 /* Resources */ = {
			isa = PBXResourcesBuildPhase;
			buildActionMask = 2147483647;
			files = (
				1AB797731FA62DFF006D3265 /* LaunchScreen.storyboard in Resources */,
				1AB797701FA62DFF006D3265 /* Assets.xcassets in Resources */,
				1AB7976E1FA62DFF006D3265 /* Main.storyboard in Resources */,
			);
			runOnlyForDeploymentPostprocessing = 0;
		};
		1AB797771FA62DFF006D3265 /* Resources */ = {
			isa = PBXResourcesBuildPhase;
			buildActionMask = 2147483647;
			files = (
			);
			runOnlyForDeploymentPostprocessing = 0;
		};
/* End PBXResourcesBuildPhase section */

/* Begin PBXShellScriptBuildPhase section */
		03C444560CCACB6B2D9A1853 /* [CP] Embed Pods Frameworks */ = {
			isa = PBXShellScriptBuildPhase;
			buildActionMask = 2147483647;
			files = (
			);
			inputPaths = (
			);
			name = "[CP] Embed Pods Frameworks";
			outputPaths = (
			);
			runOnlyForDeploymentPostprocessing = 0;
			shellPath = /bin/sh;
			shellScript = "\"${SRCROOT}/Pods/Target Support Files/Pods-KnzkAltTests/Pods-KnzkAltTests-frameworks.sh\"\n";
			showEnvVarsInLog = 0;
		};
		1A5696BF1FB493AB00BC82DC /* ShellScript */ = {
			isa = PBXShellScriptBuildPhase;
			buildActionMask = 2147483647;
			files = (
			);
			inputPaths = (
				"$(SRCROOT)/Carthage/Build/iOS/MastodonKit.framework",
			);
			outputPaths = (
				"$(BUILT_PRODUCTS_DIR)/$(FRAMEWORKS_FOLDER_PATH)/MastodonKit.framework",
			);
			runOnlyForDeploymentPostprocessing = 0;
			shellPath = /bin/sh;
			shellScript = "/usr/local/bin/carthage copy-frameworks";
		};
		1A5696C01FB4948100BC82DC /* ShellScript */ = {
			isa = PBXShellScriptBuildPhase;
			buildActionMask = 2147483647;
			files = (
			);
			inputPaths = (
				"$(SRCROOT)/Carthage/Build/iOS/MastodonKit.framework",
			);
			outputPaths = (
				"$(BUILT_PRODUCTS_DIR)/$(FRAMEWORKS_FOLDER_PATH)/MastodonKit.framework",
			);
			runOnlyForDeploymentPostprocessing = 0;
			shellPath = /bin/sh;
			shellScript = "/usr/local/bin/carthage copy-frameworks";
		};
		28184C1383645325228B5D9A /* [CP] Check Pods Manifest.lock */ = {
			isa = PBXShellScriptBuildPhase;
			buildActionMask = 2147483647;
			files = (
			);
			inputPaths = (
				"${PODS_PODFILE_DIR_PATH}/Podfile.lock",
				"${PODS_ROOT}/Manifest.lock",
			);
			name = "[CP] Check Pods Manifest.lock";
			outputPaths = (
				"$(DERIVED_FILE_DIR)/Pods-KnzkAltTests-checkManifestLockResult.txt",
			);
			runOnlyForDeploymentPostprocessing = 0;
			shellPath = /bin/sh;
			shellScript = "diff \"${PODS_PODFILE_DIR_PATH}/Podfile.lock\" \"${PODS_ROOT}/Manifest.lock\" > /dev/null\nif [ $? != 0 ] ; then\n    # print error to STDERR\n    echo \"error: The sandbox is not in sync with the Podfile.lock. Run 'pod install' or update your CocoaPods installation.\" >&2\n    exit 1\nfi\n# This output is used by Xcode 'outputs' to avoid re-running this script phase.\necho \"SUCCESS\" > \"${SCRIPT_OUTPUT_FILE_0}\"\n";
			showEnvVarsInLog = 0;
		};
		924AC09F4EE68C3B59AD7C4B /* [CP] Copy Pods Resources */ = {
			isa = PBXShellScriptBuildPhase;
			buildActionMask = 2147483647;
			files = (
			);
			inputPaths = (
			);
			name = "[CP] Copy Pods Resources";
			outputPaths = (
			);
			runOnlyForDeploymentPostprocessing = 0;
			shellPath = /bin/sh;
			shellScript = "\"${SRCROOT}/Pods/Target Support Files/Pods-KnzkAltTests/Pods-KnzkAltTests-resources.sh\"\n";
			showEnvVarsInLog = 0;
		};
		A9C137E8C1F1666CAFF62A65 /* [CP] Embed Pods Frameworks */ = {
			isa = PBXShellScriptBuildPhase;
			buildActionMask = 2147483647;
			files = (
			);
			inputPaths = (
				"${SRCROOT}/Pods/Target Support Files/Pods-KnzkAlt/Pods-KnzkAlt-frameworks.sh",
				"${BUILT_PRODUCTS_DIR}/HydraAsync/Hydra.framework",
				"${BUILT_PRODUCTS_DIR}/KeychainAccess/KeychainAccess.framework",
				"${BUILT_PRODUCTS_DIR}/Result/Result.framework",
			);
			name = "[CP] Embed Pods Frameworks";
			outputPaths = (
				"${TARGET_BUILD_DIR}/${FRAMEWORKS_FOLDER_PATH}/Hydra.framework",
				"${TARGET_BUILD_DIR}/${FRAMEWORKS_FOLDER_PATH}/KeychainAccess.framework",
				"${TARGET_BUILD_DIR}/${FRAMEWORKS_FOLDER_PATH}/Result.framework",
			);
			runOnlyForDeploymentPostprocessing = 0;
			shellPath = /bin/sh;
			shellScript = "\"${SRCROOT}/Pods/Target Support Files/Pods-KnzkAlt/Pods-KnzkAlt-frameworks.sh\"\n";
			showEnvVarsInLog = 0;
		};
		C6AF08C712D3DA22584C1509 /* [CP] Check Pods Manifest.lock */ = {
			isa = PBXShellScriptBuildPhase;
			buildActionMask = 2147483647;
			files = (
			);
			inputPaths = (
				"${PODS_PODFILE_DIR_PATH}/Podfile.lock",
				"${PODS_ROOT}/Manifest.lock",
			);
			name = "[CP] Check Pods Manifest.lock";
			outputPaths = (
				"$(DERIVED_FILE_DIR)/Pods-KnzkAlt-checkManifestLockResult.txt",
			);
			runOnlyForDeploymentPostprocessing = 0;
			shellPath = /bin/sh;
			shellScript = "diff \"${PODS_PODFILE_DIR_PATH}/Podfile.lock\" \"${PODS_ROOT}/Manifest.lock\" > /dev/null\nif [ $? != 0 ] ; then\n    # print error to STDERR\n    echo \"error: The sandbox is not in sync with the Podfile.lock. Run 'pod install' or update your CocoaPods installation.\" >&2\n    exit 1\nfi\n# This output is used by Xcode 'outputs' to avoid re-running this script phase.\necho \"SUCCESS\" > \"${SCRIPT_OUTPUT_FILE_0}\"\n";
			showEnvVarsInLog = 0;
		};
		EFFB3DBBAD0F928A55F51BCE /* [CP] Copy Pods Resources */ = {
			isa = PBXShellScriptBuildPhase;
			buildActionMask = 2147483647;
			files = (
			);
			inputPaths = (
			);
			name = "[CP] Copy Pods Resources";
			outputPaths = (
			);
			runOnlyForDeploymentPostprocessing = 0;
			shellPath = /bin/sh;
			shellScript = "\"${SRCROOT}/Pods/Target Support Files/Pods-KnzkAlt/Pods-KnzkAlt-resources.sh\"\n";
			showEnvVarsInLog = 0;
		};
/* End PBXShellScriptBuildPhase section */

/* Begin PBXSourcesBuildPhase section */
		1AB7975F1FA62DFF006D3265 /* Sources */ = {
			isa = PBXSourcesBuildPhase;
			buildActionMask = 2147483647;
			files = (
				1AB7978C1FA63CC4006D3265 /* ProfileVC.swift in Sources */,
				1AAB136D1FB41DA300844F51 /* MainVC.swift in Sources */,
				1AB7976B1FA62DFF006D3265 /* NotificationVC.swift in Sources */,
				1AB797951FA641DE006D3265 /* LoginVC.swift in Sources */,
				1AB797671FA62DFF006D3265 /* AppDelegate.swift in Sources */,
				1AB797891FA63C7A006D3265 /* TootVC.swift in Sources */,
				1AB797921FA64112006D3265 /* InitialVC.swift in Sources */,
				1AAB136A1FB370C100844F51 /* Login.swift in Sources */,
				1AB797691FA62DFF006D3265 /* HomeVC.swift in Sources */,
				1AB7978F1FA63CEB006D3265 /* MenuVC.swift in Sources */,
				C0510507594D146212174682 /* Keychain.swift in Sources */,
				C05103F14ADA0FC3831832C1 /* Notification.swift in Sources */,
			);
			runOnlyForDeploymentPostprocessing = 0;
		};
		1AB797751FA62DFF006D3265 /* Sources */ = {
			isa = PBXSourcesBuildPhase;
			buildActionMask = 2147483647;
			files = (
				1AAB136B1FB370C100844F51 /* Login.swift in Sources */,
				1AB797931FA64112006D3265 /* InitialVC.swift in Sources */,
				1AB7978D1FA63CC4006D3265 /* ProfileVC.swift in Sources */,
				1AB797961FA641DE006D3265 /* LoginVC.swift in Sources */,
				1AB797901FA63CEB006D3265 /* MenuVC.swift in Sources */,
				1AAB136E1FB41DA300844F51 /* MainVC.swift in Sources */,
				1AB7978A1FA63C7A006D3265 /* TootVC.swift in Sources */,
				1AB7977E1FA62DFF006D3265 /* KnzkAltTests.swift in Sources */,
				C051052BB3E9E30B8C8FED8D /* Keychain.swift in Sources */,
				C051037F9E1245BEEEAB1899 /* Notification.swift in Sources */,
			);
			runOnlyForDeploymentPostprocessing = 0;
		};
/* End PBXSourcesBuildPhase section */

/* Begin PBXTargetDependency section */
		1AB7977B1FA62DFF006D3265 /* PBXTargetDependency */ = {
			isa = PBXTargetDependency;
			target = 1AB797621FA62DFF006D3265 /* KnzkAlt */;
			targetProxy = 1AB7977A1FA62DFF006D3265 /* PBXContainerItemProxy */;
		};
/* End PBXTargetDependency section */

/* Begin PBXVariantGroup section */
		1AB7976C1FA62DFF006D3265 /* Main.storyboard */ = {
			isa = PBXVariantGroup;
			children = (
				1AB7976D1FA62DFF006D3265 /* Base */,
			);
			name = Main.storyboard;
			sourceTree = "<group>";
		};
		1AB797711FA62DFF006D3265 /* LaunchScreen.storyboard */ = {
			isa = PBXVariantGroup;
			children = (
				1AB797721FA62DFF006D3265 /* Base */,
			);
			name = LaunchScreen.storyboard;
			sourceTree = "<group>";
		};
/* End PBXVariantGroup section */

/* Begin XCBuildConfiguration section */
		1AB797801FA62DFF006D3265 /* Debug */ = {
			isa = XCBuildConfiguration;
			buildSettings = {
				ALWAYS_SEARCH_USER_PATHS = NO;
				CLANG_ANALYZER_NONNULL = YES;
				CLANG_ANALYZER_NUMBER_OBJECT_CONVERSION = YES_AGGRESSIVE;
				CLANG_CXX_LANGUAGE_STANDARD = "gnu++14";
				CLANG_CXX_LIBRARY = "libc++";
				CLANG_ENABLE_MODULES = YES;
				CLANG_ENABLE_OBJC_ARC = YES;
				CLANG_WARN_BLOCK_CAPTURE_AUTORELEASING = YES;
				CLANG_WARN_BOOL_CONVERSION = YES;
				CLANG_WARN_COMMA = YES;
				CLANG_WARN_CONSTANT_CONVERSION = YES;
				CLANG_WARN_DIRECT_OBJC_ISA_USAGE = YES_ERROR;
				CLANG_WARN_DOCUMENTATION_COMMENTS = YES;
				CLANG_WARN_EMPTY_BODY = YES;
				CLANG_WARN_ENUM_CONVERSION = YES;
				CLANG_WARN_INFINITE_RECURSION = YES;
				CLANG_WARN_INT_CONVERSION = YES;
				CLANG_WARN_NON_LITERAL_NULL_CONVERSION = YES;
				CLANG_WARN_OBJC_LITERAL_CONVERSION = YES;
				CLANG_WARN_OBJC_ROOT_CLASS = YES_ERROR;
				CLANG_WARN_RANGE_LOOP_ANALYSIS = YES;
				CLANG_WARN_STRICT_PROTOTYPES = YES;
				CLANG_WARN_SUSPICIOUS_MOVE = YES;
				CLANG_WARN_UNGUARDED_AVAILABILITY = YES_AGGRESSIVE;
				CLANG_WARN_UNREACHABLE_CODE = YES;
				CLANG_WARN__DUPLICATE_METHOD_MATCH = YES;
				CODE_SIGN_IDENTITY = "iPhone Developer";
				COPY_PHASE_STRIP = NO;
				DEBUG_INFORMATION_FORMAT = dwarf;
				ENABLE_STRICT_OBJC_MSGSEND = YES;
				ENABLE_TESTABILITY = YES;
				GCC_C_LANGUAGE_STANDARD = gnu11;
				GCC_DYNAMIC_NO_PIC = NO;
				GCC_NO_COMMON_BLOCKS = YES;
				GCC_OPTIMIZATION_LEVEL = 0;
				GCC_PREPROCESSOR_DEFINITIONS = (
					"DEBUG=1",
					"$(inherited)",
				);
				GCC_WARN_64_TO_32_BIT_CONVERSION = YES;
				GCC_WARN_ABOUT_RETURN_TYPE = YES_ERROR;
				GCC_WARN_UNDECLARED_SELECTOR = YES;
				GCC_WARN_UNINITIALIZED_AUTOS = YES_AGGRESSIVE;
				GCC_WARN_UNUSED_FUNCTION = YES;
				GCC_WARN_UNUSED_VARIABLE = YES;
				IPHONEOS_DEPLOYMENT_TARGET = 11.1;
				MTL_ENABLE_DEBUG_INFO = YES;
				ONLY_ACTIVE_ARCH = YES;
				SDKROOT = iphoneos;
				SWIFT_ACTIVE_COMPILATION_CONDITIONS = DEBUG;
				SWIFT_OPTIMIZATION_LEVEL = "-Onone";
			};
			name = Debug;
		};
		1AB797811FA62DFF006D3265 /* Release */ = {
			isa = XCBuildConfiguration;
			buildSettings = {
				ALWAYS_SEARCH_USER_PATHS = NO;
				CLANG_ANALYZER_NONNULL = YES;
				CLANG_ANALYZER_NUMBER_OBJECT_CONVERSION = YES_AGGRESSIVE;
				CLANG_CXX_LANGUAGE_STANDARD = "gnu++14";
				CLANG_CXX_LIBRARY = "libc++";
				CLANG_ENABLE_MODULES = YES;
				CLANG_ENABLE_OBJC_ARC = YES;
				CLANG_WARN_BLOCK_CAPTURE_AUTORELEASING = YES;
				CLANG_WARN_BOOL_CONVERSION = YES;
				CLANG_WARN_COMMA = YES;
				CLANG_WARN_CONSTANT_CONVERSION = YES;
				CLANG_WARN_DIRECT_OBJC_ISA_USAGE = YES_ERROR;
				CLANG_WARN_DOCUMENTATION_COMMENTS = YES;
				CLANG_WARN_EMPTY_BODY = YES;
				CLANG_WARN_ENUM_CONVERSION = YES;
				CLANG_WARN_INFINITE_RECURSION = YES;
				CLANG_WARN_INT_CONVERSION = YES;
				CLANG_WARN_NON_LITERAL_NULL_CONVERSION = YES;
				CLANG_WARN_OBJC_LITERAL_CONVERSION = YES;
				CLANG_WARN_OBJC_ROOT_CLASS = YES_ERROR;
				CLANG_WARN_RANGE_LOOP_ANALYSIS = YES;
				CLANG_WARN_STRICT_PROTOTYPES = YES;
				CLANG_WARN_SUSPICIOUS_MOVE = YES;
				CLANG_WARN_UNGUARDED_AVAILABILITY = YES_AGGRESSIVE;
				CLANG_WARN_UNREACHABLE_CODE = YES;
				CLANG_WARN__DUPLICATE_METHOD_MATCH = YES;
				CODE_SIGN_IDENTITY = "iPhone Developer";
				COPY_PHASE_STRIP = NO;
				DEBUG_INFORMATION_FORMAT = "dwarf-with-dsym";
				ENABLE_NS_ASSERTIONS = NO;
				ENABLE_STRICT_OBJC_MSGSEND = YES;
				GCC_C_LANGUAGE_STANDARD = gnu11;
				GCC_NO_COMMON_BLOCKS = YES;
				GCC_WARN_64_TO_32_BIT_CONVERSION = YES;
				GCC_WARN_ABOUT_RETURN_TYPE = YES_ERROR;
				GCC_WARN_UNDECLARED_SELECTOR = YES;
				GCC_WARN_UNINITIALIZED_AUTOS = YES_AGGRESSIVE;
				GCC_WARN_UNUSED_FUNCTION = YES;
				GCC_WARN_UNUSED_VARIABLE = YES;
				IPHONEOS_DEPLOYMENT_TARGET = 11.1;
				MTL_ENABLE_DEBUG_INFO = NO;
				SDKROOT = iphoneos;
				SWIFT_OPTIMIZATION_LEVEL = "-Owholemodule";
				VALIDATE_PRODUCT = YES;
			};
			name = Release;
		};
		1AB797831FA62DFF006D3265 /* Debug */ = {
			isa = XCBuildConfiguration;
			baseConfigurationReference = 8345777460A049931A822898 /* Pods-KnzkAlt.debug.xcconfig */;
			buildSettings = {
				ASSETCATALOG_COMPILER_APPICON_NAME = AppIcon;
				CODE_SIGN_STYLE = Automatic;
				DEVELOPMENT_TEAM = UHH463TU7S;
				FRAMEWORK_SEARCH_PATHS = (
					"$(inherited)",
					"$(PROJECT_DIR)/Carthage/Build/iOS",
				);
				INFOPLIST_FILE = KnzkAlt/Info.plist;
				LD_RUNPATH_SEARCH_PATHS = "$(inherited) @executable_path/Frameworks";
				PRODUCT_BUNDLE_IDENTIFIER = com.atcurio.KnzkAlt;
				PRODUCT_NAME = "$(TARGET_NAME)";
				SWIFT_VERSION = 4.0;
				TARGETED_DEVICE_FAMILY = "1,2";
			};
			name = Debug;
		};
		1AB797841FA62DFF006D3265 /* Release */ = {
			isa = XCBuildConfiguration;
			baseConfigurationReference = EECF72E7564B24B31527EAD4 /* Pods-KnzkAlt.release.xcconfig */;
			buildSettings = {
				ASSETCATALOG_COMPILER_APPICON_NAME = AppIcon;
				CODE_SIGN_STYLE = Automatic;
				DEVELOPMENT_TEAM = UHH463TU7S;
				FRAMEWORK_SEARCH_PATHS = (
					"$(inherited)",
					"$(PROJECT_DIR)/Carthage/Build/iOS",
				);
				INFOPLIST_FILE = KnzkAlt/Info.plist;
				LD_RUNPATH_SEARCH_PATHS = "$(inherited) @executable_path/Frameworks";
				PRODUCT_BUNDLE_IDENTIFIER = com.atcurio.KnzkAlt;
				PRODUCT_NAME = "$(TARGET_NAME)";
				SWIFT_VERSION = 4.0;
				TARGETED_DEVICE_FAMILY = "1,2";
			};
			name = Release;
		};
		1AB797861FA62DFF006D3265 /* Debug */ = {
			isa = XCBuildConfiguration;
			baseConfigurationReference = A6D9B3DB25218238497DA448 /* Pods-KnzkAltTests.debug.xcconfig */;
			buildSettings = {
				ALWAYS_EMBED_SWIFT_STANDARD_LIBRARIES = YES;
				BUNDLE_LOADER = "$(TEST_HOST)";
				CODE_SIGN_STYLE = Automatic;
				DEVELOPMENT_TEAM = UHH463TU7S;
				INFOPLIST_FILE = KnzkAltTests/Info.plist;
				LD_RUNPATH_SEARCH_PATHS = "$(inherited) @executable_path/Frameworks @loader_path/Frameworks";
				PRODUCT_BUNDLE_IDENTIFIER = com.atcurio.KnzkAltTests;
				PRODUCT_NAME = "$(TARGET_NAME)";
				SWIFT_VERSION = 4.0;
				TARGETED_DEVICE_FAMILY = "1,2";
				TEST_HOST = "$(BUILT_PRODUCTS_DIR)/KnzkAlt.app/KnzkAlt";
			};
			name = Debug;
		};
		1AB797871FA62DFF006D3265 /* Release */ = {
			isa = XCBuildConfiguration;
			baseConfigurationReference = F990127F00E99EEB06FA4F22 /* Pods-KnzkAltTests.release.xcconfig */;
			buildSettings = {
				ALWAYS_EMBED_SWIFT_STANDARD_LIBRARIES = YES;
				BUNDLE_LOADER = "$(TEST_HOST)";
				CODE_SIGN_STYLE = Automatic;
				DEVELOPMENT_TEAM = UHH463TU7S;
				INFOPLIST_FILE = KnzkAltTests/Info.plist;
				LD_RUNPATH_SEARCH_PATHS = "$(inherited) @executable_path/Frameworks @loader_path/Frameworks";
				PRODUCT_BUNDLE_IDENTIFIER = com.atcurio.KnzkAltTests;
				PRODUCT_NAME = "$(TARGET_NAME)";
				SWIFT_VERSION = 4.0;
				TARGETED_DEVICE_FAMILY = "1,2";
				TEST_HOST = "$(BUILT_PRODUCTS_DIR)/KnzkAlt.app/KnzkAlt";
			};
			name = Release;
		};
/* End XCBuildConfiguration section */

/* Begin XCConfigurationList section */
		1AB7975E1FA62DFF006D3265 /* Build configuration list for PBXProject "KnzkAlt" */ = {
			isa = XCConfigurationList;
			buildConfigurations = (
				1AB797801FA62DFF006D3265 /* Debug */,
				1AB797811FA62DFF006D3265 /* Release */,
			);
			defaultConfigurationIsVisible = 0;
			defaultConfigurationName = Release;
		};
		1AB797821FA62DFF006D3265 /* Build configuration list for PBXNativeTarget "KnzkAlt" */ = {
			isa = XCConfigurationList;
			buildConfigurations = (
				1AB797831FA62DFF006D3265 /* Debug */,
				1AB797841FA62DFF006D3265 /* Release */,
			);
			defaultConfigurationIsVisible = 0;
			defaultConfigurationName = Release;
		};
		1AB797851FA62DFF006D3265 /* Build configuration list for PBXNativeTarget "KnzkAltTests" */ = {
			isa = XCConfigurationList;
			buildConfigurations = (
				1AB797861FA62DFF006D3265 /* Debug */,
				1AB797871FA62DFF006D3265 /* Release */,
			);
			defaultConfigurationIsVisible = 0;
			defaultConfigurationName = Release;
		};
/* End XCConfigurationList section */
	};
	rootObject = 1AB7975B1FA62DFF006D3265 /* Project object */;
}
